// !$*UTF8*$!
{
	archiveVersion = 1;
	classes = {
	};
	objectVersion = 50;
	objects = {

/* Begin PBXBuildFile section */
		DE0BF080219BB9E800FF3AD6 /* Colors.xcassets in Resources */ = {isa = PBXBuildFile; fileRef = DE0BF07F219BB9E800FF3AD6 /* Colors.xcassets */; };
		DE7BCDF321BA1C5900EE1B33 /* WindowMainView.m in Sources */ = {isa = PBXBuildFile; fileRef = DE7BCDF221BA1C5900EE1B33 /* WindowMainView.m */; };
		DE8E5C7121534233002AE872 /* AppleScriptObjC.framework in Frameworks */ = {isa = PBXBuildFile; fileRef = DE8E5C7021534233002AE872 /* AppleScriptObjC.framework */; };
		DE8E5C7A21534821002AE872 /* AppDelegate.m in Sources */ = {isa = PBXBuildFile; fileRef = DE8E5C7921534821002AE872 /* AppDelegate.m */; };
		DE8E5C7C21534822002AE872 /* Assets.xcassets in Resources */ = {isa = PBXBuildFile; fileRef = DE8E5C7B21534822002AE872 /* Assets.xcassets */; };
		DE8E5C8221534822002AE872 /* main.m in Sources */ = {isa = PBXBuildFile; fileRef = DE8E5C8121534822002AE872 /* main.m */; };
		DE8E5E3A215348EF002AE872 /* AppleScript.m in Sources */ = {isa = PBXBuildFile; fileRef = DE8E5D86215348EE002AE872 /* AppleScript.m */; };
		DE8E5E3B215348EF002AE872 /* AppleScriptBridge.applescript in Sources */ = {isa = PBXBuildFile; fileRef = DE8E5D87215348EE002AE872 /* AppleScriptBridge.applescript */; };
		DE8E5E3C215348EF002AE872 /* MockData.plist in Resources */ = {isa = PBXBuildFile; fileRef = DE8E5D8A215348EE002AE872 /* MockData.plist */; };
		DE8E5E3F215348EF002AE872 /* Film.m in Sources */ = {isa = PBXBuildFile; fileRef = DE8E5D91215348EE002AE872 /* Film.m */; };
		DE8E5E40215348EF002AE872 /* Comic.m in Sources */ = {isa = PBXBuildFile; fileRef = DE8E5D94215348EE002AE872 /* Comic.m */; };
		DE8E5E41215348EF002AE872 /* News.m in Sources */ = {isa = PBXBuildFile; fileRef = DE8E5D97215348EE002AE872 /* News.m */; };
		DE8E5E43215348EF002AE872 /* FilmRepository.m in Sources */ = {isa = PBXBuildFile; fileRef = DE8E5DA0215348EE002AE872 /* FilmRepository.m */; };
		DE8E5E44215348EF002AE872 /* ComicRepository.m in Sources */ = {isa = PBXBuildFile; fileRef = DE8E5DA2215348EE002AE872 /* ComicRepository.m */; };
		DE8E5E45215348EF002AE872 /* NewsRepository.m in Sources */ = {isa = PBXBuildFile; fileRef = DE8E5DA6215348EE002AE872 /* NewsRepository.m */; };
		DE8E5E47215348EF002AE872 /* FilmService.m in Sources */ = {isa = PBXBuildFile; fileRef = DE8E5DAF215348EE002AE872 /* FilmService.m */; };
		DE8E5E48215348EF002AE872 /* ComicService.m in Sources */ = {isa = PBXBuildFile; fileRef = DE8E5DB5215348EE002AE872 /* ComicService.m */; };
		DE8E5E49215348EF002AE872 /* NewsService.m in Sources */ = {isa = PBXBuildFile; fileRef = DE8E5DB8215348EE002AE872 /* NewsService.m */; };
		DE8E5E4B215348EF002AE872 /* Utils.m in Sources */ = {isa = PBXBuildFile; fileRef = DE8E5DC1215348EE002AE872 /* Utils.m */; };
		DE8E5E4C215348EF002AE872 /* Main.storyboard in Resources */ = {isa = PBXBuildFile; fileRef = DE8E5DC4215348EE002AE872 /* Main.storyboard */; };
		DE8E5E4D215348EF002AE872 /* ComicsPresenter.m in Sources */ = {isa = PBXBuildFile; fileRef = DE8E5DCB215348EE002AE872 /* ComicsPresenter.m */; };
		DE8E5E4E215348EF002AE872 /* ComicsViewController.xib in Resources */ = {isa = PBXBuildFile; fileRef = DE8E5DCE215348EE002AE872 /* ComicsViewController.xib */; };
		DE8E5E4F215348EF002AE872 /* ComicsViewController.m in Sources */ = {isa = PBXBuildFile; fileRef = DE8E5DCF215348EE002AE872 /* ComicsViewController.m */; };
		DE8E5E51215348EF002AE872 /* NewsViewController.m in Sources */ = {isa = PBXBuildFile; fileRef = DE8E5DD3215348EE002AE872 /* NewsViewController.m */; };
		DE8E5E52215348EF002AE872 /* NewsViewController.xib in Resources */ = {isa = PBXBuildFile; fileRef = DE8E5DD6215348EE002AE872 /* NewsViewController.xib */; };
		DE8E5E53215348EF002AE872 /* NewsPresenter.m in Sources */ = {isa = PBXBuildFile; fileRef = DE8E5DD9215348EE002AE872 /* NewsPresenter.m */; };
		DE8E5E54215348EF002AE872 /* FilmsPresenter.m in Sources */ = {isa = PBXBuildFile; fileRef = DE8E5DE3215348EE002AE872 /* FilmsPresenter.m */; };
		DE8E5E55215348EF002AE872 /* FilmsViewController.m in Sources */ = {isa = PBXBuildFile; fileRef = DE8E5DE4215348EE002AE872 /* FilmsViewController.m */; };
		DE8E5E56215348EF002AE872 /* FilmsViewController.xib in Resources */ = {isa = PBXBuildFile; fileRef = DE8E5DE5215348EE002AE872 /* FilmsViewController.xib */; };
		DE8E5E5A215348EF002AE872 /* HomeViewController.m in Sources */ = {isa = PBXBuildFile; fileRef = DE8E5DF3215348EE002AE872 /* HomeViewController.m */; };
		DE8E5E5B215348EF002AE872 /* HomePresenter.m in Sources */ = {isa = PBXBuildFile; fileRef = DE8E5DF7215348EE002AE872 /* HomePresenter.m */; };
		DE8E5E5E215348EF002AE872 /* CustomNSTableRowView.m in Sources */ = {isa = PBXBuildFile; fileRef = DE8E5E01215348EE002AE872 /* CustomNSTableRowView.m */; };
		DE8E5E5F215348EF002AE872 /* CustomNSOutlineView.m in Sources */ = {isa = PBXBuildFile; fileRef = DE8E5E03215348EE002AE872 /* CustomNSOutlineView.m */; };
		DE8E5E60215348EF002AE872 /* NewsCellPresenter.m in Sources */ = {isa = PBXBuildFile; fileRef = DE8E5E0C215348EE002AE872 /* NewsCellPresenter.m */; };
		DE8E5E61215348EF002AE872 /* NewsCellView.m in Sources */ = {isa = PBXBuildFile; fileRef = DE8E5E0E215348EE002AE872 /* NewsCellView.m */; };
		DE8E5E62215348EF002AE872 /* NewsCellView.xib in Resources */ = {isa = PBXBuildFile; fileRef = DE8E5E0F215348EE002AE872 /* NewsCellView.xib */; };
		DE8E5E63215348EF002AE872 /* ComicCellView.m in Sources */ = {isa = PBXBuildFile; fileRef = DE8E5E11215348EE002AE872 /* ComicCellView.m */; };
		DE8E5E64215348EF002AE872 /* ComicCellView.xib in Resources */ = {isa = PBXBuildFile; fileRef = DE8E5E13215348EE002AE872 /* ComicCellView.xib */; };
		DE8E5E65215348EF002AE872 /* FilmCellView.xib in Resources */ = {isa = PBXBuildFile; fileRef = DE8E5E17215348EE002AE872 /* FilmCellView.xib */; };
		DE8E5E66215348EF002AE872 /* FilmCellPresenter.m in Sources */ = {isa = PBXBuildFile; fileRef = DE8E5E1A215348EE002AE872 /* FilmCellPresenter.m */; };
		DE8E5E67215348EF002AE872 /* FilmCellView.m in Sources */ = {isa = PBXBuildFile; fileRef = DE8E5E1C215348EE002AE872 /* FilmCellView.m */; };
		DE8E5E6C215349FE002AE872 /* AppKit.framework in Frameworks */ = {isa = PBXBuildFile; fileRef = DEDE467A21534119004E8DEF /* AppKit.framework */; };
		DE8E5E6D21534A03002AE872 /* Cocoa.framework in Frameworks */ = {isa = PBXBuildFile; fileRef = DEDE467621534068004E8DEF /* Cocoa.framework */; };
		DE8E5E6E21534A0A002AE872 /* Foundation.framework in Frameworks */ = {isa = PBXBuildFile; fileRef = DEDE467421534062004E8DEF /* Foundation.framework */; };
		DE8E5E6F21534A0E002AE872 /* QuartzCore.framework in Frameworks */ = {isa = PBXBuildFile; fileRef = DEDE46782153406C004E8DEF /* QuartzCore.framework */; };
		DE8E5E7021534A1A002AE872 /* AppleScriptObjC.framework in Frameworks */ = {isa = PBXBuildFile; fileRef = DE8E5C7021534233002AE872 /* AppleScriptObjC.framework */; };
		DE8E5E712153510A002AE872 /* FLOPopover.m in Sources */ = {isa = PBXBuildFile; fileRef = DEDE465321534005004E8DEF /* FLOPopover.m */; };
		DE8E5E732153512C002AE872 /* FLOViewPopup.m in Sources */ = {isa = PBXBuildFile; fileRef = DEDE464F21534005004E8DEF /* FLOViewPopup.m */; };
		DE8E5E7421535132002AE872 /* FLOWindowPopup.m in Sources */ = {isa = PBXBuildFile; fileRef = DEDE463921534005004E8DEF /* FLOWindowPopup.m */; };
		DE8E5E7621535154002AE872 /* FLOPopoverUtils.m in Sources */ = {isa = PBXBuildFile; fileRef = DEDE463B21534005004E8DEF /* FLOPopoverUtils.m */; };
		DE8E5E772153515C002AE872 /* FLOPopoverBackgroundView.m in Sources */ = {isa = PBXBuildFile; fileRef = DEDE463A21534005004E8DEF /* FLOPopoverBackgroundView.m */; };
		DE8E5E812153B62B002AE872 /* FLOExtensionsNSWindow.h in Headers */ = {isa = PBXBuildFile; fileRef = DE8E5E7F2153B62B002AE872 /* FLOExtensionsNSWindow.h */; };
		DE8E5E822153B62B002AE872 /* FLOExtensionsNSWindow.m in Sources */ = {isa = PBXBuildFile; fileRef = DE8E5E802153B62B002AE872 /* FLOExtensionsNSWindow.m */; };
		DE8E5E852153B69E002AE872 /* FLOExtensionsNSView.h in Headers */ = {isa = PBXBuildFile; fileRef = DE8E5E832153B69E002AE872 /* FLOExtensionsNSView.h */; };
		DE8E5E862153B69E002AE872 /* FLOExtensionsNSView.m in Sources */ = {isa = PBXBuildFile; fileRef = DE8E5E842153B69E002AE872 /* FLOExtensionsNSView.m */; };
		DE8E5E892153B7AF002AE872 /* FLOExtensionsCABasicAnimation.h in Headers */ = {isa = PBXBuildFile; fileRef = DE8E5E872153B7AF002AE872 /* FLOExtensionsCABasicAnimation.h */; };
		DE8E5E8A2153B7AF002AE872 /* FLOExtensionsCABasicAnimation.m in Sources */ = {isa = PBXBuildFile; fileRef = DE8E5E882153B7AF002AE872 /* FLOExtensionsCABasicAnimation.m */; };
		DE8E5E8D2153B878002AE872 /* FLOExtensionsCAKeyframeAnimation.h in Headers */ = {isa = PBXBuildFile; fileRef = DE8E5E8B2153B878002AE872 /* FLOExtensionsCAKeyframeAnimation.h */; };
		DE8E5E8E2153B878002AE872 /* FLOExtensionsCAKeyframeAnimation.m in Sources */ = {isa = PBXBuildFile; fileRef = DE8E5E8C2153B878002AE872 /* FLOExtensionsCAKeyframeAnimation.m */; };
		DE8E5E912153B8C1002AE872 /* FLOExtensionsNSValue.h in Headers */ = {isa = PBXBuildFile; fileRef = DE8E5E8F2153B8C1002AE872 /* FLOExtensionsNSValue.h */; };
		DE8E5E922153B8C1002AE872 /* FLOExtensionsNSValue.m in Sources */ = {isa = PBXBuildFile; fileRef = DE8E5E902153B8C1002AE872 /* FLOExtensionsNSValue.m */; };
		DE8E5E952153BAAC002AE872 /* FLOExtensionsGraphicsContext.h in Headers */ = {isa = PBXBuildFile; fileRef = DE8E5E932153BAAC002AE872 /* FLOExtensionsGraphicsContext.h */; };
		DE8E5E962153BAAC002AE872 /* FLOExtensionsGraphicsContext.m in Sources */ = {isa = PBXBuildFile; fileRef = DE8E5E942153BAAC002AE872 /* FLOExtensionsGraphicsContext.m */; };
		DE8E5E9B2153BD29002AE872 /* FLOExtensionsCABasicAnimation.m in Sources */ = {isa = PBXBuildFile; fileRef = DE8E5E882153B7AF002AE872 /* FLOExtensionsCABasicAnimation.m */; };
		DE8E5E9C2153BD2E002AE872 /* FLOExtensionsCAKeyframeAnimation.m in Sources */ = {isa = PBXBuildFile; fileRef = DE8E5E8C2153B878002AE872 /* FLOExtensionsCAKeyframeAnimation.m */; };
		DE8E5E9E2153BD36002AE872 /* FLOExtensionsGraphicsContext.m in Sources */ = {isa = PBXBuildFile; fileRef = DE8E5E942153BAAC002AE872 /* FLOExtensionsGraphicsContext.m */; };
		DE8E5E9F2153BD3A002AE872 /* FLOExtensionsNSValue.m in Sources */ = {isa = PBXBuildFile; fileRef = DE8E5E902153B8C1002AE872 /* FLOExtensionsNSValue.m */; };
		DE8E5EA02153BD3E002AE872 /* FLOExtensionsNSView.m in Sources */ = {isa = PBXBuildFile; fileRef = DE8E5E842153B69E002AE872 /* FLOExtensionsNSView.m */; };
		DE8E5EA12153BD42002AE872 /* FLOExtensionsNSWindow.m in Sources */ = {isa = PBXBuildFile; fileRef = DE8E5E802153B62B002AE872 /* FLOExtensionsNSWindow.m */; };
		DED3A3C621E6E52500B479BF /* TechnologyService.m in Sources */ = {isa = PBXBuildFile; fileRef = DED3A3C521E6E52500B479BF /* TechnologyService.m */; };
		DED3A3CC21E6E5DB00B479BF /* TechnologyRepository.m in Sources */ = {isa = PBXBuildFile; fileRef = DED3A3CB21E6E5DB00B479BF /* TechnologyRepository.m */; };
		DED3A3D021E6E60B00B479BF /* Technology.m in Sources */ = {isa = PBXBuildFile; fileRef = DED3A3CF21E6E60B00B479BF /* Technology.m */; };
		DED3A3EF21E6E64200B479BF /* AbstractViewRow.m in Sources */ = {isa = PBXBuildFile; fileRef = DED3A3D721E6E64200B479BF /* AbstractViewRow.m */; };
		DED3A3F021E6E64200B479BF /* CollectionViewManager.m in Sources */ = {isa = PBXBuildFile; fileRef = DED3A3DA21E6E64200B479BF /* CollectionViewManager.m */; };
		DED3A3F121E6E64200B479BF /* CollectionViewRow.m in Sources */ = {isa = PBXBuildFile; fileRef = DED3A3DD21E6E64200B479BF /* CollectionViewRow.m */; };
		DED3A3F221E6E64200B479BF /* OutlineViewRow.m in Sources */ = {isa = PBXBuildFile; fileRef = DED3A3E221E6E64200B479BF /* OutlineViewRow.m */; };
		DED3A3F321E6E64200B479BF /* TableViewRow.m in Sources */ = {isa = PBXBuildFile; fileRef = DED3A3E621E6E64200B479BF /* TableViewRow.m */; };
		DED3A3F421E6E64200B479BF /* OutlineViewManager.m in Sources */ = {isa = PBXBuildFile; fileRef = DED3A3EB21E6E64200B479BF /* OutlineViewManager.m */; };
		DED3A3F521E6E64200B479BF /* TableViewManager.m in Sources */ = {isa = PBXBuildFile; fileRef = DED3A3EE21E6E64200B479BF /* TableViewManager.m */; };
		DED3A3FB21E6EB3B00B479BF /* TechnologyCellView.m in Sources */ = {isa = PBXBuildFile; fileRef = DED3A3FA21E6EB3B00B479BF /* TechnologyCellView.m */; };
		DED3A3FE21E6EB5700B479BF /* TechnologyCellView.xib in Resources */ = {isa = PBXBuildFile; fileRef = DED3A3FD21E6EB5700B479BF /* TechnologyCellView.xib */; };
		DED3A40321E6EC9A00B479BF /* TechnologyCellPresenter.m in Sources */ = {isa = PBXBuildFile; fileRef = DED3A40221E6EC9A00B479BF /* TechnologyCellPresenter.m */; };
		DED3A40B21E6F97300B479BF /* TechnologiesPresenter.m in Sources */ = {isa = PBXBuildFile; fileRef = DED3A40A21E6F97300B479BF /* TechnologiesPresenter.m */; };
		DED3A40F21E6FDF000B479BF /* TechnologiesViewController.m in Sources */ = {isa = PBXBuildFile; fileRef = DED3A40D21E6FDF000B479BF /* TechnologiesViewController.m */; };
		DED3A41021E6FDF000B479BF /* TechnologiesViewController.xib in Resources */ = {isa = PBXBuildFile; fileRef = DED3A40E21E6FDF000B479BF /* TechnologiesViewController.xib */; };
		DEDE45F521533F86004E8DEF /* FlowarePopover.h in Headers */ = {isa = PBXBuildFile; fileRef = DEDE45F321533F86004E8DEF /* FlowarePopover.h */; settings = {ATTRIBUTES = (Public, ); }; };
		DEDE465621534005004E8DEF /* FLOViewPopup.h in Headers */ = {isa = PBXBuildFile; fileRef = DEDE463821534005004E8DEF /* FLOViewPopup.h */; };
		DEDE465721534005004E8DEF /* FLOWindowPopup.m in Sources */ = {isa = PBXBuildFile; fileRef = DEDE463921534005004E8DEF /* FLOWindowPopup.m */; };
		DEDE465821534005004E8DEF /* FLOPopoverBackgroundView.m in Sources */ = {isa = PBXBuildFile; fileRef = DEDE463A21534005004E8DEF /* FLOPopoverBackgroundView.m */; };
		DEDE465921534005004E8DEF /* FLOPopoverUtils.m in Sources */ = {isa = PBXBuildFile; fileRef = DEDE463B21534005004E8DEF /* FLOPopoverUtils.m */; };
		DEDE465A21534005004E8DEF /* FLOPopover.h in Headers */ = {isa = PBXBuildFile; fileRef = DEDE463C21534005004E8DEF /* FLOPopover.h */; };
		DEDE466B21534005004E8DEF /* FLOWindowPopup.h in Headers */ = {isa = PBXBuildFile; fileRef = DEDE464E21534005004E8DEF /* FLOWindowPopup.h */; };
		DEDE466C21534005004E8DEF /* FLOViewPopup.m in Sources */ = {isa = PBXBuildFile; fileRef = DEDE464F21534005004E8DEF /* FLOViewPopup.m */; };
		DEDE466D21534005004E8DEF /* FLOPopoverService.h in Headers */ = {isa = PBXBuildFile; fileRef = DEDE465021534005004E8DEF /* FLOPopoverService.h */; };
		DEDE466E21534005004E8DEF /* FLOPopoverBackgroundView.h in Headers */ = {isa = PBXBuildFile; fileRef = DEDE465121534005004E8DEF /* FLOPopoverBackgroundView.h */; };
		DEDE467021534005004E8DEF /* FLOPopover.m in Sources */ = {isa = PBXBuildFile; fileRef = DEDE465321534005004E8DEF /* FLOPopover.m */; };
		DEDE467121534005004E8DEF /* FLOPopoverConstants.h in Headers */ = {isa = PBXBuildFile; fileRef = DEDE465421534005004E8DEF /* FLOPopoverConstants.h */; };
		DEDE467221534005004E8DEF /* FLOPopoverUtils.h in Headers */ = {isa = PBXBuildFile; fileRef = DEDE465521534005004E8DEF /* FLOPopoverUtils.h */; };
		DEDE467521534062004E8DEF /* Foundation.framework in Frameworks */ = {isa = PBXBuildFile; fileRef = DEDE467421534062004E8DEF /* Foundation.framework */; };
		DEDE467721534068004E8DEF /* Cocoa.framework in Frameworks */ = {isa = PBXBuildFile; fileRef = DEDE467621534068004E8DEF /* Cocoa.framework */; };
		DEDE46792153406C004E8DEF /* QuartzCore.framework in Frameworks */ = {isa = PBXBuildFile; fileRef = DEDE46782153406C004E8DEF /* QuartzCore.framework */; };
		DEDE467B21534119004E8DEF /* AppKit.framework in Frameworks */ = {isa = PBXBuildFile; fileRef = DEDE467A21534119004E8DEF /* AppKit.framework */; };
		DEF15EB721DDCBD400FDE038 /* AbstractRepository.m in Sources */ = {isa = PBXBuildFile; fileRef = DEF15EA121DDCBD400FDE038 /* AbstractRepository.m */; };
		DEF15EB921DDCBD400FDE038 /* AbstractWindowController.m in Sources */ = {isa = PBXBuildFile; fileRef = DEF15EA421DDCBD400FDE038 /* AbstractWindowController.m */; };
		DEF15EBA21DDCBD400FDE038 /* AbstractPresenter.m in Sources */ = {isa = PBXBuildFile; fileRef = DEF15EA721DDCBD400FDE038 /* AbstractPresenter.m */; };
		DEF15EBB21DDCBD400FDE038 /* AbstractData.m in Sources */ = {isa = PBXBuildFile; fileRef = DEF15EAD21DDCBD400FDE038 /* AbstractData.m */; };
		DEF15EBC21DDCBD400FDE038 /* AbstractService.m in Sources */ = {isa = PBXBuildFile; fileRef = DEF15EB321DDCBD400FDE038 /* AbstractService.m */; };
		DEF15EBD21DDCBD400FDE038 /* AbstractViewController.m in Sources */ = {isa = PBXBuildFile; fileRef = DEF15EB621DDCBD400FDE038 /* AbstractViewController.m */; };
		DEF15EC221DDCC8400FDE038 /* NSColor+Custom.m in Sources */ = {isa = PBXBuildFile; fileRef = DEF15EC121DDCC8400FDE038 /* NSColor+Custom.m */; };
/* End PBXBuildFile section */

/* Begin PBXFileReference section */
		DE0BF07F219BB9E800FF3AD6 /* Colors.xcassets */ = {isa = PBXFileReference; lastKnownFileType = folder.assetcatalog; path = Colors.xcassets; sourceTree = "<group>"; };
		DE7BCDF121BA1C5900EE1B33 /* WindowMainView.h */ = {isa = PBXFileReference; lastKnownFileType = sourcecode.c.h; path = WindowMainView.h; sourceTree = "<group>"; };
		DE7BCDF221BA1C5900EE1B33 /* WindowMainView.m */ = {isa = PBXFileReference; lastKnownFileType = sourcecode.c.objc; path = WindowMainView.m; sourceTree = "<group>"; };
		DE8E5C7021534233002AE872 /* AppleScriptObjC.framework */ = {isa = PBXFileReference; lastKnownFileType = wrapper.framework; name = AppleScriptObjC.framework; path = System/Library/Frameworks/AppleScriptObjC.framework; sourceTree = SDKROOT; };
		DE8E5C7621534821002AE872 /* FlowarePopover-Sample.app */ = {isa = PBXFileReference; explicitFileType = wrapper.application; includeInIndex = 0; path = "FlowarePopover-Sample.app"; sourceTree = BUILT_PRODUCTS_DIR; };
		DE8E5C7821534821002AE872 /* AppDelegate.h */ = {isa = PBXFileReference; lastKnownFileType = sourcecode.c.h; path = AppDelegate.h; sourceTree = "<group>"; };
		DE8E5C7921534821002AE872 /* AppDelegate.m */ = {isa = PBXFileReference; lastKnownFileType = sourcecode.c.objc; path = AppDelegate.m; sourceTree = "<group>"; };
		DE8E5C7B21534822002AE872 /* Assets.xcassets */ = {isa = PBXFileReference; lastKnownFileType = folder.assetcatalog; path = Assets.xcassets; sourceTree = "<group>"; };
		DE8E5C8021534822002AE872 /* Info.plist */ = {isa = PBXFileReference; lastKnownFileType = text.plist.xml; path = Info.plist; sourceTree = "<group>"; };
		DE8E5C8121534822002AE872 /* main.m */ = {isa = PBXFileReference; lastKnownFileType = sourcecode.c.objc; path = main.m; sourceTree = "<group>"; };
		DE8E5C8321534822002AE872 /* FlowarePopover_Sample.entitlements */ = {isa = PBXFileReference; lastKnownFileType = text.plist.entitlements; path = FlowarePopover_Sample.entitlements; sourceTree = "<group>"; };
		DE8E5D86215348EE002AE872 /* AppleScript.m */ = {isa = PBXFileReference; fileEncoding = 4; lastKnownFileType = sourcecode.c.objc; path = AppleScript.m; sourceTree = "<group>"; };
		DE8E5D87215348EE002AE872 /* AppleScriptBridge.applescript */ = {isa = PBXFileReference; fileEncoding = 4; lastKnownFileType = sourcecode.applescript; path = AppleScriptBridge.applescript; sourceTree = "<group>"; };
		DE8E5D88215348EE002AE872 /* AppleScript.h */ = {isa = PBXFileReference; fileEncoding = 4; lastKnownFileType = sourcecode.c.h; path = AppleScript.h; sourceTree = "<group>"; };
		DE8E5D8A215348EE002AE872 /* MockData.plist */ = {isa = PBXFileReference; fileEncoding = 4; lastKnownFileType = text.plist.xml; path = MockData.plist; sourceTree = "<group>"; };
		DE8E5D8C215348EE002AE872 /* PrefixHeader.pch */ = {isa = PBXFileReference; fileEncoding = 4; lastKnownFileType = sourcecode.c.h; path = PrefixHeader.pch; sourceTree = "<group>"; };
		DE8E5D91215348EE002AE872 /* Film.m */ = {isa = PBXFileReference; fileEncoding = 4; lastKnownFileType = sourcecode.c.objc; path = Film.m; sourceTree = "<group>"; };
		DE8E5D92215348EE002AE872 /* Film.h */ = {isa = PBXFileReference; fileEncoding = 4; lastKnownFileType = sourcecode.c.h; path = Film.h; sourceTree = "<group>"; };
		DE8E5D94215348EE002AE872 /* Comic.m */ = {isa = PBXFileReference; fileEncoding = 4; lastKnownFileType = sourcecode.c.objc; path = Comic.m; sourceTree = "<group>"; };
		DE8E5D95215348EE002AE872 /* Comic.h */ = {isa = PBXFileReference; fileEncoding = 4; lastKnownFileType = sourcecode.c.h; path = Comic.h; sourceTree = "<group>"; };
		DE8E5D97215348EE002AE872 /* News.m */ = {isa = PBXFileReference; fileEncoding = 4; lastKnownFileType = sourcecode.c.objc; path = News.m; sourceTree = "<group>"; };
		DE8E5D98215348EE002AE872 /* News.h */ = {isa = PBXFileReference; fileEncoding = 4; lastKnownFileType = sourcecode.c.h; path = News.h; sourceTree = "<group>"; };
		DE8E5D9E215348EE002AE872 /* FilmRepository.h */ = {isa = PBXFileReference; fileEncoding = 4; lastKnownFileType = sourcecode.c.h; path = FilmRepository.h; sourceTree = "<group>"; };
		DE8E5D9F215348EE002AE872 /* FilmRepositoryProtocols.h */ = {isa = PBXFileReference; fileEncoding = 4; lastKnownFileType = sourcecode.c.h; path = FilmRepositoryProtocols.h; sourceTree = "<group>"; };
		DE8E5DA0215348EE002AE872 /* FilmRepository.m */ = {isa = PBXFileReference; fileEncoding = 4; lastKnownFileType = sourcecode.c.objc; path = FilmRepository.m; sourceTree = "<group>"; };
		DE8E5DA2215348EE002AE872 /* ComicRepository.m */ = {isa = PBXFileReference; fileEncoding = 4; lastKnownFileType = sourcecode.c.objc; path = ComicRepository.m; sourceTree = "<group>"; };
		DE8E5DA3215348EE002AE872 /* ComicRepositoryProtocols.h */ = {isa = PBXFileReference; fileEncoding = 4; lastKnownFileType = sourcecode.c.h; path = ComicRepositoryProtocols.h; sourceTree = "<group>"; };
		DE8E5DA4215348EE002AE872 /* ComicRepository.h */ = {isa = PBXFileReference; fileEncoding = 4; lastKnownFileType = sourcecode.c.h; path = ComicRepository.h; sourceTree = "<group>"; };
		DE8E5DA6215348EE002AE872 /* NewsRepository.m */ = {isa = PBXFileReference; fileEncoding = 4; lastKnownFileType = sourcecode.c.objc; path = NewsRepository.m; sourceTree = "<group>"; };
		DE8E5DA7215348EE002AE872 /* NewsRepositoryProtocols.h */ = {isa = PBXFileReference; fileEncoding = 4; lastKnownFileType = sourcecode.c.h; path = NewsRepositoryProtocols.h; sourceTree = "<group>"; };
		DE8E5DA8215348EE002AE872 /* NewsRepository.h */ = {isa = PBXFileReference; fileEncoding = 4; lastKnownFileType = sourcecode.c.h; path = NewsRepository.h; sourceTree = "<group>"; };
		DE8E5DAF215348EE002AE872 /* FilmService.m */ = {isa = PBXFileReference; fileEncoding = 4; lastKnownFileType = sourcecode.c.objc; path = FilmService.m; sourceTree = "<group>"; };
		DE8E5DB0215348EE002AE872 /* FilmService.h */ = {isa = PBXFileReference; fileEncoding = 4; lastKnownFileType = sourcecode.c.h; path = FilmService.h; sourceTree = "<group>"; };
		DE8E5DB1215348EE002AE872 /* FilmServiceProtocols.h */ = {isa = PBXFileReference; fileEncoding = 4; lastKnownFileType = sourcecode.c.h; path = FilmServiceProtocols.h; sourceTree = "<group>"; };
		DE8E5DB3215348EE002AE872 /* ComicServiceProtocols.h */ = {isa = PBXFileReference; fileEncoding = 4; lastKnownFileType = sourcecode.c.h; path = ComicServiceProtocols.h; sourceTree = "<group>"; };
		DE8E5DB4215348EE002AE872 /* ComicService.h */ = {isa = PBXFileReference; fileEncoding = 4; lastKnownFileType = sourcecode.c.h; path = ComicService.h; sourceTree = "<group>"; };
		DE8E5DB5215348EE002AE872 /* ComicService.m */ = {isa = PBXFileReference; fileEncoding = 4; lastKnownFileType = sourcecode.c.objc; path = ComicService.m; sourceTree = "<group>"; };
		DE8E5DB7215348EE002AE872 /* NewsService.h */ = {isa = PBXFileReference; fileEncoding = 4; lastKnownFileType = sourcecode.c.h; path = NewsService.h; sourceTree = "<group>"; };
		DE8E5DB8215348EE002AE872 /* NewsService.m */ = {isa = PBXFileReference; fileEncoding = 4; lastKnownFileType = sourcecode.c.objc; path = NewsService.m; sourceTree = "<group>"; };
		DE8E5DB9215348EE002AE872 /* NewsServiceProtocols.h */ = {isa = PBXFileReference; fileEncoding = 4; lastKnownFileType = sourcecode.c.h; path = NewsServiceProtocols.h; sourceTree = "<group>"; };
		DE8E5DBF215348EE002AE872 /* Utils.h */ = {isa = PBXFileReference; fileEncoding = 4; lastKnownFileType = sourcecode.c.h; path = Utils.h; sourceTree = "<group>"; };
		DE8E5DC0215348EE002AE872 /* Constants.h */ = {isa = PBXFileReference; fileEncoding = 4; lastKnownFileType = sourcecode.c.h; path = Constants.h; sourceTree = "<group>"; };
		DE8E5DC1215348EE002AE872 /* Utils.m */ = {isa = PBXFileReference; fileEncoding = 4; lastKnownFileType = sourcecode.c.objc; path = Utils.m; sourceTree = "<group>"; };
		DE8E5DC4215348EE002AE872 /* Main.storyboard */ = {isa = PBXFileReference; fileEncoding = 4; lastKnownFileType = file.storyboard; path = Main.storyboard; sourceTree = "<group>"; };
		DE8E5DC8215348EE002AE872 /* ComicsViewProtocols.h */ = {isa = PBXFileReference; fileEncoding = 4; lastKnownFileType = sourcecode.c.h; path = ComicsViewProtocols.h; sourceTree = "<group>"; };
		DE8E5DC9215348EE002AE872 /* ComicsViewController.h */ = {isa = PBXFileReference; fileEncoding = 4; lastKnownFileType = sourcecode.c.h; path = ComicsViewController.h; sourceTree = "<group>"; };
		DE8E5DCB215348EE002AE872 /* ComicsPresenter.m */ = {isa = PBXFileReference; fileEncoding = 4; lastKnownFileType = sourcecode.c.objc; path = ComicsPresenter.m; sourceTree = "<group>"; };
		DE8E5DCC215348EE002AE872 /* ComicsPresenter.h */ = {isa = PBXFileReference; fileEncoding = 4; lastKnownFileType = sourcecode.c.h; path = ComicsPresenter.h; sourceTree = "<group>"; };
		DE8E5DCD215348EE002AE872 /* ComicsPresenterProtocols.h */ = {isa = PBXFileReference; fileEncoding = 4; lastKnownFileType = sourcecode.c.h; path = ComicsPresenterProtocols.h; sourceTree = "<group>"; };
		DE8E5DCE215348EE002AE872 /* ComicsViewController.xib */ = {isa = PBXFileReference; fileEncoding = 4; lastKnownFileType = file.xib; path = ComicsViewController.xib; sourceTree = "<group>"; };
		DE8E5DCF215348EE002AE872 /* ComicsViewController.m */ = {isa = PBXFileReference; fileEncoding = 4; lastKnownFileType = sourcecode.c.objc; path = ComicsViewController.m; sourceTree = "<group>"; };
		DE8E5DD3215348EE002AE872 /* NewsViewController.m */ = {isa = PBXFileReference; fileEncoding = 4; lastKnownFileType = sourcecode.c.objc; path = NewsViewController.m; sourceTree = "<group>"; };
		DE8E5DD5215348EE002AE872 /* NewsViewProtocols.h */ = {isa = PBXFileReference; fileEncoding = 4; lastKnownFileType = sourcecode.c.h; path = NewsViewProtocols.h; sourceTree = "<group>"; };
		DE8E5DD6215348EE002AE872 /* NewsViewController.xib */ = {isa = PBXFileReference; fileEncoding = 4; lastKnownFileType = file.xib; path = NewsViewController.xib; sourceTree = "<group>"; };
		DE8E5DD8215348EE002AE872 /* NewsPresenterProtocols.h */ = {isa = PBXFileReference; fileEncoding = 4; lastKnownFileType = sourcecode.c.h; path = NewsPresenterProtocols.h; sourceTree = "<group>"; };
		DE8E5DD9215348EE002AE872 /* NewsPresenter.m */ = {isa = PBXFileReference; fileEncoding = 4; lastKnownFileType = sourcecode.c.objc; path = NewsPresenter.m; sourceTree = "<group>"; };
		DE8E5DDA215348EE002AE872 /* NewsPresenter.h */ = {isa = PBXFileReference; fileEncoding = 4; lastKnownFileType = sourcecode.c.h; path = NewsPresenter.h; sourceTree = "<group>"; };
		DE8E5DDB215348EE002AE872 /* NewsViewController.h */ = {isa = PBXFileReference; fileEncoding = 4; lastKnownFileType = sourcecode.c.h; path = NewsViewController.h; sourceTree = "<group>"; };
		DE8E5DDE215348EE002AE872 /* FilmsViewProtocols.h */ = {isa = PBXFileReference; fileEncoding = 4; lastKnownFileType = sourcecode.c.h; path = FilmsViewProtocols.h; sourceTree = "<group>"; };
		DE8E5DDF215348EE002AE872 /* FilmsViewController.h */ = {isa = PBXFileReference; fileEncoding = 4; lastKnownFileType = sourcecode.c.h; path = FilmsViewController.h; sourceTree = "<group>"; };
		DE8E5DE1215348EE002AE872 /* FilmsPresenter.h */ = {isa = PBXFileReference; fileEncoding = 4; lastKnownFileType = sourcecode.c.h; path = FilmsPresenter.h; sourceTree = "<group>"; };
		DE8E5DE2215348EE002AE872 /* FilmsPresenterProtocols.h */ = {isa = PBXFileReference; fileEncoding = 4; lastKnownFileType = sourcecode.c.h; path = FilmsPresenterProtocols.h; sourceTree = "<group>"; };
		DE8E5DE3215348EE002AE872 /* FilmsPresenter.m */ = {isa = PBXFileReference; fileEncoding = 4; lastKnownFileType = sourcecode.c.objc; path = FilmsPresenter.m; sourceTree = "<group>"; };
		DE8E5DE4215348EE002AE872 /* FilmsViewController.m */ = {isa = PBXFileReference; fileEncoding = 4; lastKnownFileType = sourcecode.c.objc; path = FilmsViewController.m; sourceTree = "<group>"; };
		DE8E5DE5215348EE002AE872 /* FilmsViewController.xib */ = {isa = PBXFileReference; fileEncoding = 4; lastKnownFileType = file.xib; path = FilmsViewController.xib; sourceTree = "<group>"; };
		DE8E5DF2215348EE002AE872 /* HomeViewProtocols.h */ = {isa = PBXFileReference; fileEncoding = 4; lastKnownFileType = sourcecode.c.h; path = HomeViewProtocols.h; sourceTree = "<group>"; };
		DE8E5DF3215348EE002AE872 /* HomeViewController.m */ = {isa = PBXFileReference; fileEncoding = 4; lastKnownFileType = sourcecode.c.objc; path = HomeViewController.m; sourceTree = "<group>"; };
		DE8E5DF5215348EE002AE872 /* HomePresenter.h */ = {isa = PBXFileReference; fileEncoding = 4; lastKnownFileType = sourcecode.c.h; path = HomePresenter.h; sourceTree = "<group>"; };
		DE8E5DF6215348EE002AE872 /* HomePresenterProtocols.h */ = {isa = PBXFileReference; fileEncoding = 4; lastKnownFileType = sourcecode.c.h; path = HomePresenterProtocols.h; sourceTree = "<group>"; };
		DE8E5DF7215348EE002AE872 /* HomePresenter.m */ = {isa = PBXFileReference; fileEncoding = 4; lastKnownFileType = sourcecode.c.objc; path = HomePresenter.m; sourceTree = "<group>"; };
		DE8E5DF8215348EE002AE872 /* HomeViewController.h */ = {isa = PBXFileReference; fileEncoding = 4; lastKnownFileType = sourcecode.c.h; path = HomeViewController.h; sourceTree = "<group>"; };
		DE8E5E00215348EE002AE872 /* CustomNSTableRowView.h */ = {isa = PBXFileReference; fileEncoding = 4; lastKnownFileType = sourcecode.c.h; path = CustomNSTableRowView.h; sourceTree = "<group>"; };
		DE8E5E01215348EE002AE872 /* CustomNSTableRowView.m */ = {isa = PBXFileReference; fileEncoding = 4; lastKnownFileType = sourcecode.c.objc; path = CustomNSTableRowView.m; sourceTree = "<group>"; };
		DE8E5E03215348EE002AE872 /* CustomNSOutlineView.m */ = {isa = PBXFileReference; fileEncoding = 4; lastKnownFileType = sourcecode.c.objc; path = CustomNSOutlineView.m; sourceTree = "<group>"; };
		DE8E5E04215348EE002AE872 /* CustomNSOutlineView.h */ = {isa = PBXFileReference; fileEncoding = 4; lastKnownFileType = sourcecode.c.h; path = CustomNSOutlineView.h; sourceTree = "<group>"; };
		DE8E5E08215348EE002AE872 /* NewsCellViewProtocols.h */ = {isa = PBXFileReference; fileEncoding = 4; lastKnownFileType = sourcecode.c.h; path = NewsCellViewProtocols.h; sourceTree = "<group>"; };
		DE8E5E09215348EE002AE872 /* NewsCellView.h */ = {isa = PBXFileReference; fileEncoding = 4; lastKnownFileType = sourcecode.c.h; path = NewsCellView.h; sourceTree = "<group>"; };
		DE8E5E0B215348EE002AE872 /* NewsCellPresenter.h */ = {isa = PBXFileReference; fileEncoding = 4; lastKnownFileType = sourcecode.c.h; path = NewsCellPresenter.h; sourceTree = "<group>"; };
		DE8E5E0C215348EE002AE872 /* NewsCellPresenter.m */ = {isa = PBXFileReference; fileEncoding = 4; lastKnownFileType = sourcecode.c.objc; path = NewsCellPresenter.m; sourceTree = "<group>"; };
		DE8E5E0D215348EE002AE872 /* NewsCellPresenterProtocols.h */ = {isa = PBXFileReference; fileEncoding = 4; lastKnownFileType = sourcecode.c.h; path = NewsCellPresenterProtocols.h; sourceTree = "<group>"; };
		DE8E5E0E215348EE002AE872 /* NewsCellView.m */ = {isa = PBXFileReference; fileEncoding = 4; lastKnownFileType = sourcecode.c.objc; path = NewsCellView.m; sourceTree = "<group>"; };
		DE8E5E0F215348EE002AE872 /* NewsCellView.xib */ = {isa = PBXFileReference; fileEncoding = 4; lastKnownFileType = file.xib; path = NewsCellView.xib; sourceTree = "<group>"; };
		DE8E5E11215348EE002AE872 /* ComicCellView.m */ = {isa = PBXFileReference; fileEncoding = 4; lastKnownFileType = sourcecode.c.objc; path = ComicCellView.m; sourceTree = "<group>"; };
		DE8E5E12215348EE002AE872 /* ComicCellView.h */ = {isa = PBXFileReference; fileEncoding = 4; lastKnownFileType = sourcecode.c.h; path = ComicCellView.h; sourceTree = "<group>"; };
		DE8E5E13215348EE002AE872 /* ComicCellView.xib */ = {isa = PBXFileReference; fileEncoding = 4; lastKnownFileType = file.xib; path = ComicCellView.xib; sourceTree = "<group>"; };
		DE8E5E16215348EE002AE872 /* FilmCellViewProtocols.h */ = {isa = PBXFileReference; fileEncoding = 4; lastKnownFileType = sourcecode.c.h; path = FilmCellViewProtocols.h; sourceTree = "<group>"; };
		DE8E5E17215348EE002AE872 /* FilmCellView.xib */ = {isa = PBXFileReference; fileEncoding = 4; lastKnownFileType = file.xib; path = FilmCellView.xib; sourceTree = "<group>"; };
		DE8E5E19215348EE002AE872 /* FilmCellPresenterProtocols.h */ = {isa = PBXFileReference; fileEncoding = 4; lastKnownFileType = sourcecode.c.h; path = FilmCellPresenterProtocols.h; sourceTree = "<group>"; };
		DE8E5E1A215348EE002AE872 /* FilmCellPresenter.m */ = {isa = PBXFileReference; fileEncoding = 4; lastKnownFileType = sourcecode.c.objc; path = FilmCellPresenter.m; sourceTree = "<group>"; };
		DE8E5E1B215348EE002AE872 /* FilmCellPresenter.h */ = {isa = PBXFileReference; fileEncoding = 4; lastKnownFileType = sourcecode.c.h; path = FilmCellPresenter.h; sourceTree = "<group>"; };
		DE8E5E1C215348EE002AE872 /* FilmCellView.m */ = {isa = PBXFileReference; fileEncoding = 4; lastKnownFileType = sourcecode.c.objc; path = FilmCellView.m; sourceTree = "<group>"; };
		DE8E5E1D215348EE002AE872 /* FilmCellView.h */ = {isa = PBXFileReference; fileEncoding = 4; lastKnownFileType = sourcecode.c.h; path = FilmCellView.h; sourceTree = "<group>"; };
		DE8E5E7F2153B62B002AE872 /* FLOExtensionsNSWindow.h */ = {isa = PBXFileReference; lastKnownFileType = sourcecode.c.h; path = FLOExtensionsNSWindow.h; sourceTree = "<group>"; };
		DE8E5E802153B62B002AE872 /* FLOExtensionsNSWindow.m */ = {isa = PBXFileReference; lastKnownFileType = sourcecode.c.objc; path = FLOExtensionsNSWindow.m; sourceTree = "<group>"; };
		DE8E5E832153B69E002AE872 /* FLOExtensionsNSView.h */ = {isa = PBXFileReference; lastKnownFileType = sourcecode.c.h; path = FLOExtensionsNSView.h; sourceTree = "<group>"; };
		DE8E5E842153B69E002AE872 /* FLOExtensionsNSView.m */ = {isa = PBXFileReference; lastKnownFileType = sourcecode.c.objc; path = FLOExtensionsNSView.m; sourceTree = "<group>"; };
		DE8E5E872153B7AF002AE872 /* FLOExtensionsCABasicAnimation.h */ = {isa = PBXFileReference; lastKnownFileType = sourcecode.c.h; path = FLOExtensionsCABasicAnimation.h; sourceTree = "<group>"; };
		DE8E5E882153B7AF002AE872 /* FLOExtensionsCABasicAnimation.m */ = {isa = PBXFileReference; lastKnownFileType = sourcecode.c.objc; path = FLOExtensionsCABasicAnimation.m; sourceTree = "<group>"; };
		DE8E5E8B2153B878002AE872 /* FLOExtensionsCAKeyframeAnimation.h */ = {isa = PBXFileReference; lastKnownFileType = sourcecode.c.h; path = FLOExtensionsCAKeyframeAnimation.h; sourceTree = "<group>"; };
		DE8E5E8C2153B878002AE872 /* FLOExtensionsCAKeyframeAnimation.m */ = {isa = PBXFileReference; lastKnownFileType = sourcecode.c.objc; path = FLOExtensionsCAKeyframeAnimation.m; sourceTree = "<group>"; };
		DE8E5E8F2153B8C1002AE872 /* FLOExtensionsNSValue.h */ = {isa = PBXFileReference; lastKnownFileType = sourcecode.c.h; path = FLOExtensionsNSValue.h; sourceTree = "<group>"; };
		DE8E5E902153B8C1002AE872 /* FLOExtensionsNSValue.m */ = {isa = PBXFileReference; lastKnownFileType = sourcecode.c.objc; path = FLOExtensionsNSValue.m; sourceTree = "<group>"; };
		DE8E5E932153BAAC002AE872 /* FLOExtensionsGraphicsContext.h */ = {isa = PBXFileReference; lastKnownFileType = sourcecode.c.h; path = FLOExtensionsGraphicsContext.h; sourceTree = "<group>"; };
		DE8E5E942153BAAC002AE872 /* FLOExtensionsGraphicsContext.m */ = {isa = PBXFileReference; lastKnownFileType = sourcecode.c.objc; path = FLOExtensionsGraphicsContext.m; sourceTree = "<group>"; };
		DED3A3C321E6E50A00B479BF /* TechnologyServiceProtocols.h */ = {isa = PBXFileReference; lastKnownFileType = sourcecode.c.h; path = TechnologyServiceProtocols.h; sourceTree = "<group>"; };
		DED3A3C421E6E52500B479BF /* TechnologyService.h */ = {isa = PBXFileReference; lastKnownFileType = sourcecode.c.h; path = TechnologyService.h; sourceTree = "<group>"; };
		DED3A3C521E6E52500B479BF /* TechnologyService.m */ = {isa = PBXFileReference; lastKnownFileType = sourcecode.c.objc; path = TechnologyService.m; sourceTree = "<group>"; };
		DED3A3C921E6E5C400B479BF /* TechnologyRepositoryProtocols.h */ = {isa = PBXFileReference; lastKnownFileType = sourcecode.c.h; path = TechnologyRepositoryProtocols.h; sourceTree = "<group>"; };
		DED3A3CA21E6E5DB00B479BF /* TechnologyRepository.h */ = {isa = PBXFileReference; lastKnownFileType = sourcecode.c.h; path = TechnologyRepository.h; sourceTree = "<group>"; };
		DED3A3CB21E6E5DB00B479BF /* TechnologyRepository.m */ = {isa = PBXFileReference; lastKnownFileType = sourcecode.c.objc; path = TechnologyRepository.m; sourceTree = "<group>"; };
		DED3A3CE21E6E60B00B479BF /* Technology.h */ = {isa = PBXFileReference; lastKnownFileType = sourcecode.c.h; path = Technology.h; sourceTree = "<group>"; };
		DED3A3CF21E6E60B00B479BF /* Technology.m */ = {isa = PBXFileReference; lastKnownFileType = sourcecode.c.objc; path = Technology.m; sourceTree = "<group>"; };
		DED3A3D421E6E64200B479BF /* ViewRowProtocols.h */ = {isa = PBXFileReference; fileEncoding = 4; lastKnownFileType = sourcecode.c.h; path = ViewRowProtocols.h; sourceTree = "<group>"; };
		DED3A3D521E6E64200B479BF /* AbstractViewRow.h */ = {isa = PBXFileReference; fileEncoding = 4; lastKnownFileType = sourcecode.c.h; path = AbstractViewRow.h; sourceTree = "<group>"; };
		DED3A3D621E6E64200B479BF /* AbstractViewRowProtocols.h */ = {isa = PBXFileReference; fileEncoding = 4; lastKnownFileType = sourcecode.c.h; path = AbstractViewRowProtocols.h; sourceTree = "<group>"; };
		DED3A3D721E6E64200B479BF /* AbstractViewRow.m */ = {isa = PBXFileReference; fileEncoding = 4; lastKnownFileType = sourcecode.c.objc; path = AbstractViewRow.m; sourceTree = "<group>"; };
		DED3A3D921E6E64200B479BF /* CollectionViewManager.h */ = {isa = PBXFileReference; fileEncoding = 4; lastKnownFileType = sourcecode.c.h; path = CollectionViewManager.h; sourceTree = "<group>"; };
		DED3A3DA21E6E64200B479BF /* CollectionViewManager.m */ = {isa = PBXFileReference; fileEncoding = 4; lastKnownFileType = sourcecode.c.objc; path = CollectionViewManager.m; sourceTree = "<group>"; };
		DED3A3DD21E6E64200B479BF /* CollectionViewRow.m */ = {isa = PBXFileReference; fileEncoding = 4; lastKnownFileType = sourcecode.c.objc; path = CollectionViewRow.m; sourceTree = "<group>"; };
		DED3A3DE21E6E64200B479BF /* CollectionViewRowProtocols.h */ = {isa = PBXFileReference; fileEncoding = 4; lastKnownFileType = sourcecode.c.h; path = CollectionViewRowProtocols.h; sourceTree = "<group>"; };
		DED3A3DF21E6E64200B479BF /* CollectionViewRow.h */ = {isa = PBXFileReference; fileEncoding = 4; lastKnownFileType = sourcecode.c.h; path = CollectionViewRow.h; sourceTree = "<group>"; };
		DED3A3E221E6E64200B479BF /* OutlineViewRow.m */ = {isa = PBXFileReference; fileEncoding = 4; lastKnownFileType = sourcecode.c.objc; path = OutlineViewRow.m; sourceTree = "<group>"; };
		DED3A3E321E6E64200B479BF /* OutlineViewRowProtocols.h */ = {isa = PBXFileReference; fileEncoding = 4; lastKnownFileType = sourcecode.c.h; path = OutlineViewRowProtocols.h; sourceTree = "<group>"; };
		DED3A3E421E6E64200B479BF /* OutlineViewRow.h */ = {isa = PBXFileReference; fileEncoding = 4; lastKnownFileType = sourcecode.c.h; path = OutlineViewRow.h; sourceTree = "<group>"; };
		DED3A3E621E6E64200B479BF /* TableViewRow.m */ = {isa = PBXFileReference; fileEncoding = 4; lastKnownFileType = sourcecode.c.objc; path = TableViewRow.m; sourceTree = "<group>"; };
		DED3A3E721E6E64200B479BF /* TableViewRowProtocols.h */ = {isa = PBXFileReference; fileEncoding = 4; lastKnownFileType = sourcecode.c.h; path = TableViewRowProtocols.h; sourceTree = "<group>"; };
		DED3A3E821E6E64200B479BF /* TableViewRow.h */ = {isa = PBXFileReference; fileEncoding = 4; lastKnownFileType = sourcecode.c.h; path = TableViewRow.h; sourceTree = "<group>"; };
		DED3A3EA21E6E64200B479BF /* OutlineViewManager.h */ = {isa = PBXFileReference; fileEncoding = 4; lastKnownFileType = sourcecode.c.h; path = OutlineViewManager.h; sourceTree = "<group>"; };
		DED3A3EB21E6E64200B479BF /* OutlineViewManager.m */ = {isa = PBXFileReference; fileEncoding = 4; lastKnownFileType = sourcecode.c.objc; path = OutlineViewManager.m; sourceTree = "<group>"; };
		DED3A3ED21E6E64200B479BF /* TableViewManager.h */ = {isa = PBXFileReference; fileEncoding = 4; lastKnownFileType = sourcecode.c.h; path = TableViewManager.h; sourceTree = "<group>"; };
		DED3A3EE21E6E64200B479BF /* TableViewManager.m */ = {isa = PBXFileReference; fileEncoding = 4; lastKnownFileType = sourcecode.c.objc; path = TableViewManager.m; sourceTree = "<group>"; };
		DED3A3F921E6EB3B00B479BF /* TechnologyCellView.h */ = {isa = PBXFileReference; lastKnownFileType = sourcecode.c.h; path = TechnologyCellView.h; sourceTree = "<group>"; };
		DED3A3FA21E6EB3B00B479BF /* TechnologyCellView.m */ = {isa = PBXFileReference; lastKnownFileType = sourcecode.c.objc; path = TechnologyCellView.m; sourceTree = "<group>"; };
		DED3A3FD21E6EB5700B479BF /* TechnologyCellView.xib */ = {isa = PBXFileReference; lastKnownFileType = file.xib; path = TechnologyCellView.xib; sourceTree = "<group>"; };
		DED3A3FF21E6EC5300B479BF /* TechnologyCellViewProtocols.h */ = {isa = PBXFileReference; lastKnownFileType = sourcecode.c.h; path = TechnologyCellViewProtocols.h; sourceTree = "<group>"; };
		DED3A40021E6EC7A00B479BF /* TechnologyCellPresenterProtocols.h */ = {isa = PBXFileReference; lastKnownFileType = sourcecode.c.h; path = TechnologyCellPresenterProtocols.h; sourceTree = "<group>"; };
		DED3A40121E6EC9A00B479BF /* TechnologyCellPresenter.h */ = {isa = PBXFileReference; lastKnownFileType = sourcecode.c.h; path = TechnologyCellPresenter.h; sourceTree = "<group>"; };
		DED3A40221E6EC9A00B479BF /* TechnologyCellPresenter.m */ = {isa = PBXFileReference; lastKnownFileType = sourcecode.c.objc; path = TechnologyCellPresenter.m; sourceTree = "<group>"; };
		DED3A40721E6F94100B479BF /* TechnologiesViewProtocols.h */ = {isa = PBXFileReference; lastKnownFileType = sourcecode.c.h; path = TechnologiesViewProtocols.h; sourceTree = "<group>"; };
		DED3A40821E6F96700B479BF /* TechnologiesPresenterProtocols.h */ = {isa = PBXFileReference; lastKnownFileType = sourcecode.c.h; path = TechnologiesPresenterProtocols.h; sourceTree = "<group>"; };
		DED3A40921E6F97300B479BF /* TechnologiesPresenter.h */ = {isa = PBXFileReference; lastKnownFileType = sourcecode.c.h; path = TechnologiesPresenter.h; sourceTree = "<group>"; };
		DED3A40A21E6F97300B479BF /* TechnologiesPresenter.m */ = {isa = PBXFileReference; lastKnownFileType = sourcecode.c.objc; path = TechnologiesPresenter.m; sourceTree = "<group>"; };
		DED3A40C21E6FDF000B479BF /* TechnologiesViewController.h */ = {isa = PBXFileReference; lastKnownFileType = sourcecode.c.h; path = TechnologiesViewController.h; sourceTree = "<group>"; };
		DED3A40D21E6FDF000B479BF /* TechnologiesViewController.m */ = {isa = PBXFileReference; lastKnownFileType = sourcecode.c.objc; path = TechnologiesViewController.m; sourceTree = "<group>"; };
		DED3A40E21E6FDF000B479BF /* TechnologiesViewController.xib */ = {isa = PBXFileReference; lastKnownFileType = file.xib; path = TechnologiesViewController.xib; sourceTree = "<group>"; };
		DEDE45F021533F86004E8DEF /* FlowarePopover.framework */ = {isa = PBXFileReference; explicitFileType = wrapper.framework; includeInIndex = 0; path = FlowarePopover.framework; sourceTree = BUILT_PRODUCTS_DIR; };
		DEDE45F321533F86004E8DEF /* FlowarePopover.h */ = {isa = PBXFileReference; lastKnownFileType = sourcecode.c.h; path = FlowarePopover.h; sourceTree = "<group>"; };
		DEDE45F421533F86004E8DEF /* Info.plist */ = {isa = PBXFileReference; lastKnownFileType = text.plist.xml; path = Info.plist; sourceTree = "<group>"; };
		DEDE463821534005004E8DEF /* FLOViewPopup.h */ = {isa = PBXFileReference; fileEncoding = 4; lastKnownFileType = sourcecode.c.h; path = FLOViewPopup.h; sourceTree = "<group>"; };
		DEDE463921534005004E8DEF /* FLOWindowPopup.m */ = {isa = PBXFileReference; fileEncoding = 4; lastKnownFileType = sourcecode.c.objc; path = FLOWindowPopup.m; sourceTree = "<group>"; };
		DEDE463A21534005004E8DEF /* FLOPopoverBackgroundView.m */ = {isa = PBXFileReference; fileEncoding = 4; lastKnownFileType = sourcecode.c.objc; path = FLOPopoverBackgroundView.m; sourceTree = "<group>"; };
		DEDE463B21534005004E8DEF /* FLOPopoverUtils.m */ = {isa = PBXFileReference; fileEncoding = 4; lastKnownFileType = sourcecode.c.objc; path = FLOPopoverUtils.m; sourceTree = "<group>"; };
		DEDE463C21534005004E8DEF /* FLOPopover.h */ = {isa = PBXFileReference; fileEncoding = 4; lastKnownFileType = sourcecode.c.h; path = FLOPopover.h; sourceTree = "<group>"; };
		DEDE464E21534005004E8DEF /* FLOWindowPopup.h */ = {isa = PBXFileReference; fileEncoding = 4; lastKnownFileType = sourcecode.c.h; path = FLOWindowPopup.h; sourceTree = "<group>"; };
		DEDE464F21534005004E8DEF /* FLOViewPopup.m */ = {isa = PBXFileReference; fileEncoding = 4; lastKnownFileType = sourcecode.c.objc; path = FLOViewPopup.m; sourceTree = "<group>"; };
		DEDE465021534005004E8DEF /* FLOPopoverService.h */ = {isa = PBXFileReference; fileEncoding = 4; lastKnownFileType = sourcecode.c.h; path = FLOPopoverService.h; sourceTree = "<group>"; };
		DEDE465121534005004E8DEF /* FLOPopoverBackgroundView.h */ = {isa = PBXFileReference; fileEncoding = 4; lastKnownFileType = sourcecode.c.h; path = FLOPopoverBackgroundView.h; sourceTree = "<group>"; };
		DEDE465321534005004E8DEF /* FLOPopover.m */ = {isa = PBXFileReference; fileEncoding = 4; lastKnownFileType = sourcecode.c.objc; path = FLOPopover.m; sourceTree = "<group>"; };
		DEDE465421534005004E8DEF /* FLOPopoverConstants.h */ = {isa = PBXFileReference; fileEncoding = 4; lastKnownFileType = sourcecode.c.h; path = FLOPopoverConstants.h; sourceTree = "<group>"; };
		DEDE465521534005004E8DEF /* FLOPopoverUtils.h */ = {isa = PBXFileReference; fileEncoding = 4; lastKnownFileType = sourcecode.c.h; path = FLOPopoverUtils.h; sourceTree = "<group>"; };
		DEDE467421534062004E8DEF /* Foundation.framework */ = {isa = PBXFileReference; lastKnownFileType = wrapper.framework; name = Foundation.framework; path = System/Library/Frameworks/Foundation.framework; sourceTree = SDKROOT; };
		DEDE467621534068004E8DEF /* Cocoa.framework */ = {isa = PBXFileReference; lastKnownFileType = wrapper.framework; name = Cocoa.framework; path = System/Library/Frameworks/Cocoa.framework; sourceTree = SDKROOT; };
		DEDE46782153406C004E8DEF /* QuartzCore.framework */ = {isa = PBXFileReference; lastKnownFileType = wrapper.framework; name = QuartzCore.framework; path = System/Library/Frameworks/QuartzCore.framework; sourceTree = SDKROOT; };
		DEDE467A21534119004E8DEF /* AppKit.framework */ = {isa = PBXFileReference; lastKnownFileType = wrapper.framework; name = AppKit.framework; path = System/Library/Frameworks/AppKit.framework; sourceTree = SDKROOT; };
		DEF15E9F21DDCBD400FDE038 /* AbstractRepository.h */ = {isa = PBXFileReference; fileEncoding = 4; lastKnownFileType = sourcecode.c.h; path = AbstractRepository.h; sourceTree = "<group>"; };
		DEF15EA021DDCBD400FDE038 /* AbstractRepositoryProtocols.h */ = {isa = PBXFileReference; fileEncoding = 4; lastKnownFileType = sourcecode.c.h; path = AbstractRepositoryProtocols.h; sourceTree = "<group>"; };
		DEF15EA121DDCBD400FDE038 /* AbstractRepository.m */ = {isa = PBXFileReference; fileEncoding = 4; lastKnownFileType = sourcecode.c.objc; path = AbstractRepository.m; sourceTree = "<group>"; };
		DEF15EA421DDCBD400FDE038 /* AbstractWindowController.m */ = {isa = PBXFileReference; fileEncoding = 4; lastKnownFileType = sourcecode.c.objc; path = AbstractWindowController.m; sourceTree = "<group>"; };
		DEF15EA521DDCBD400FDE038 /* AbstractWindowController.h */ = {isa = PBXFileReference; fileEncoding = 4; lastKnownFileType = sourcecode.c.h; path = AbstractWindowController.h; sourceTree = "<group>"; };
		DEF15EA721DDCBD400FDE038 /* AbstractPresenter.m */ = {isa = PBXFileReference; fileEncoding = 4; lastKnownFileType = sourcecode.c.objc; path = AbstractPresenter.m; sourceTree = "<group>"; };
		DEF15EA821DDCBD400FDE038 /* AbstractPresenter.h */ = {isa = PBXFileReference; fileEncoding = 4; lastKnownFileType = sourcecode.c.h; path = AbstractPresenter.h; sourceTree = "<group>"; };
		DEF15EA921DDCBD400FDE038 /* AbstractPresenterProtocols.h */ = {isa = PBXFileReference; fileEncoding = 4; lastKnownFileType = sourcecode.c.h; path = AbstractPresenterProtocols.h; sourceTree = "<group>"; };
		DEF15EAC21DDCBD400FDE038 /* AbstractData.h */ = {isa = PBXFileReference; fileEncoding = 4; lastKnownFileType = sourcecode.c.h; path = AbstractData.h; sourceTree = "<group>"; };
		DEF15EAD21DDCBD400FDE038 /* AbstractData.m */ = {isa = PBXFileReference; fileEncoding = 4; lastKnownFileType = sourcecode.c.objc; path = AbstractData.m; sourceTree = "<group>"; };
		DEF15EAF21DDCBD400FDE038 /* AbstractViewProtocols.h */ = {isa = PBXFileReference; fileEncoding = 4; lastKnownFileType = sourcecode.c.h; path = AbstractViewProtocols.h; sourceTree = "<group>"; };
		DEF15EB121DDCBD400FDE038 /* AbstractService.h */ = {isa = PBXFileReference; fileEncoding = 4; lastKnownFileType = sourcecode.c.h; path = AbstractService.h; sourceTree = "<group>"; };
		DEF15EB221DDCBD400FDE038 /* AbstractServiceProtocols.h */ = {isa = PBXFileReference; fileEncoding = 4; lastKnownFileType = sourcecode.c.h; path = AbstractServiceProtocols.h; sourceTree = "<group>"; };
		DEF15EB321DDCBD400FDE038 /* AbstractService.m */ = {isa = PBXFileReference; fileEncoding = 4; lastKnownFileType = sourcecode.c.objc; path = AbstractService.m; sourceTree = "<group>"; };
		DEF15EB521DDCBD400FDE038 /* AbstractViewController.h */ = {isa = PBXFileReference; fileEncoding = 4; lastKnownFileType = sourcecode.c.h; path = AbstractViewController.h; sourceTree = "<group>"; };
		DEF15EB621DDCBD400FDE038 /* AbstractViewController.m */ = {isa = PBXFileReference; fileEncoding = 4; lastKnownFileType = sourcecode.c.objc; path = AbstractViewController.m; sourceTree = "<group>"; };
		DEF15EC021DDCC8400FDE038 /* NSColor+Custom.h */ = {isa = PBXFileReference; fileEncoding = 4; lastKnownFileType = sourcecode.c.h; path = "NSColor+Custom.h"; sourceTree = "<group>"; };
		DEF15EC121DDCC8400FDE038 /* NSColor+Custom.m */ = {isa = PBXFileReference; fileEncoding = 4; lastKnownFileType = sourcecode.c.objc; path = "NSColor+Custom.m"; sourceTree = "<group>"; };
/* End PBXFileReference section */

/* Begin PBXFrameworksBuildPhase section */
		DE8E5C7321534821002AE872 /* Frameworks */ = {
			isa = PBXFrameworksBuildPhase;
			buildActionMask = 2147483647;
			files = (
				DE8E5E7021534A1A002AE872 /* AppleScriptObjC.framework in Frameworks */,
				DE8E5E6F21534A0E002AE872 /* QuartzCore.framework in Frameworks */,
				DE8E5E6E21534A0A002AE872 /* Foundation.framework in Frameworks */,
				DE8E5E6D21534A03002AE872 /* Cocoa.framework in Frameworks */,
				DE8E5E6C215349FE002AE872 /* AppKit.framework in Frameworks */,
			);
			runOnlyForDeploymentPostprocessing = 0;
		};
		DEDE45EC21533F86004E8DEF /* Frameworks */ = {
			isa = PBXFrameworksBuildPhase;
			buildActionMask = 2147483647;
			files = (
				DE8E5C7121534233002AE872 /* AppleScriptObjC.framework in Frameworks */,
				DEDE467B21534119004E8DEF /* AppKit.framework in Frameworks */,
				DEDE46792153406C004E8DEF /* QuartzCore.framework in Frameworks */,
				DEDE467721534068004E8DEF /* Cocoa.framework in Frameworks */,
				DEDE467521534062004E8DEF /* Foundation.framework in Frameworks */,
			);
			runOnlyForDeploymentPostprocessing = 0;
		};
/* End PBXFrameworksBuildPhase section */

/* Begin PBXGroup section */
		DE7BCDE121BA0CC500EE1B33 /* CustomNSView */ = {
			isa = PBXGroup;
			children = (
				DE7BCDF121BA1C5900EE1B33 /* WindowMainView.h */,
				DE7BCDF221BA1C5900EE1B33 /* WindowMainView.m */,
			);
			path = CustomNSView;
			sourceTree = "<group>";
		};
		DE8E5C7721534821002AE872 /* FlowarePopover-Sample */ = {
			isa = PBXGroup;
			children = (
				DE8E5E28215348EF002AE872 /* Application */,
				DEF15E9D21DDCBD400FDE038 /* Bases */,
				DE8E5D64215348EE002AE872 /* Helpers */,
				DE8E5DAD215348EE002AE872 /* Sevices */,
				DE8E5D9C215348EE002AE872 /* Repositories */,
				DE8E5D8F215348EE002AE872 /* Models */,
				DED3A3D121E6E64200B479BF /* DatasourcesManager */,
				DE8E5DC2215348EE002AE872 /* UI */,
				DE8E5DBE215348EE002AE872 /* Utils */,
				DE8E5D62215348EE002AE872 /* Resources */,
				DE8E5DFE215348EE002AE872 /* CustomClasses */,
				DEF15EBE21DDCC8400FDE038 /* Categories */,
				DE8E5D89215348EE002AE872 /* Supporting-Files */,
			);
			path = "FlowarePopover-Sample";
			sourceTree = "<group>";
		};
		DE8E5D62215348EE002AE872 /* Resources */ = {
			isa = PBXGroup;
			children = (
				DE8E5C7B21534822002AE872 /* Assets.xcassets */,
				DE0BF07F219BB9E800FF3AD6 /* Colors.xcassets */,
			);
			path = Resources;
			sourceTree = "<group>";
		};
		DE8E5D64215348EE002AE872 /* Helpers */ = {
			isa = PBXGroup;
			children = (
				DE8E5D84215348EE002AE872 /* Scripts */,
			);
			path = Helpers;
			sourceTree = "<group>";
		};
		DE8E5D84215348EE002AE872 /* Scripts */ = {
			isa = PBXGroup;
			children = (
				DE8E5D85215348EE002AE872 /* AppleScript */,
			);
			path = Scripts;
			sourceTree = "<group>";
		};
		DE8E5D85215348EE002AE872 /* AppleScript */ = {
			isa = PBXGroup;
			children = (
				DE8E5D88215348EE002AE872 /* AppleScript.h */,
				DE8E5D86215348EE002AE872 /* AppleScript.m */,
				DE8E5D87215348EE002AE872 /* AppleScriptBridge.applescript */,
			);
			path = AppleScript;
			sourceTree = "<group>";
		};
		DE8E5D89215348EE002AE872 /* Supporting-Files */ = {
			isa = PBXGroup;
			children = (
				DE8E5D8C215348EE002AE872 /* PrefixHeader.pch */,
				DE8E5D8A215348EE002AE872 /* MockData.plist */,
				DE8E5C8021534822002AE872 /* Info.plist */,
				DE8E5C8121534822002AE872 /* main.m */,
				DE8E5C8321534822002AE872 /* FlowarePopover_Sample.entitlements */,
			);
			path = "Supporting-Files";
			sourceTree = "<group>";
		};
		DE8E5D8F215348EE002AE872 /* Models */ = {
			isa = PBXGroup;
			children = (
				DE8E5D90215348EE002AE872 /* Film */,
				DE8E5D93215348EE002AE872 /* Comic */,
				DE8E5D96215348EE002AE872 /* News */,
				DED3A3CD21E6E5F900B479BF /* Technology */,
			);
			path = Models;
			sourceTree = "<group>";
		};
		DE8E5D90215348EE002AE872 /* Film */ = {
			isa = PBXGroup;
			children = (
				DE8E5D92215348EE002AE872 /* Film.h */,
				DE8E5D91215348EE002AE872 /* Film.m */,
			);
			path = Film;
			sourceTree = "<group>";
		};
		DE8E5D93215348EE002AE872 /* Comic */ = {
			isa = PBXGroup;
			children = (
				DE8E5D95215348EE002AE872 /* Comic.h */,
				DE8E5D94215348EE002AE872 /* Comic.m */,
			);
			path = Comic;
			sourceTree = "<group>";
		};
		DE8E5D96215348EE002AE872 /* News */ = {
			isa = PBXGroup;
			children = (
				DE8E5D98215348EE002AE872 /* News.h */,
				DE8E5D97215348EE002AE872 /* News.m */,
			);
			path = News;
			sourceTree = "<group>";
		};
		DE8E5D9C215348EE002AE872 /* Repositories */ = {
			isa = PBXGroup;
			children = (
				DE8E5D9D215348EE002AE872 /* Film */,
				DE8E5DA1215348EE002AE872 /* Comic */,
				DE8E5DA5215348EE002AE872 /* News */,
				DED3A3C721E6E5A800B479BF /* Technology */,
			);
			path = Repositories;
			sourceTree = "<group>";
		};
		DE8E5D9D215348EE002AE872 /* Film */ = {
			isa = PBXGroup;
			children = (
				DE8E5D9F215348EE002AE872 /* FilmRepositoryProtocols.h */,
				DE8E5D9E215348EE002AE872 /* FilmRepository.h */,
				DE8E5DA0215348EE002AE872 /* FilmRepository.m */,
			);
			path = Film;
			sourceTree = "<group>";
		};
		DE8E5DA1215348EE002AE872 /* Comic */ = {
			isa = PBXGroup;
			children = (
				DE8E5DA3215348EE002AE872 /* ComicRepositoryProtocols.h */,
				DE8E5DA4215348EE002AE872 /* ComicRepository.h */,
				DE8E5DA2215348EE002AE872 /* ComicRepository.m */,
			);
			path = Comic;
			sourceTree = "<group>";
		};
		DE8E5DA5215348EE002AE872 /* News */ = {
			isa = PBXGroup;
			children = (
				DE8E5DA7215348EE002AE872 /* NewsRepositoryProtocols.h */,
				DE8E5DA8215348EE002AE872 /* NewsRepository.h */,
				DE8E5DA6215348EE002AE872 /* NewsRepository.m */,
			);
			path = News;
			sourceTree = "<group>";
		};
		DE8E5DAD215348EE002AE872 /* Sevices */ = {
			isa = PBXGroup;
			children = (
				DE8E5DAE215348EE002AE872 /* Film */,
				DE8E5DB2215348EE002AE872 /* Comic */,
				DE8E5DB6215348EE002AE872 /* News */,
				DED3A3C221E6E4F700B479BF /* Technology */,
			);
			path = Sevices;
			sourceTree = "<group>";
		};
		DE8E5DAE215348EE002AE872 /* Film */ = {
			isa = PBXGroup;
			children = (
				DE8E5DB1215348EE002AE872 /* FilmServiceProtocols.h */,
				DE8E5DB0215348EE002AE872 /* FilmService.h */,
				DE8E5DAF215348EE002AE872 /* FilmService.m */,
			);
			path = Film;
			sourceTree = "<group>";
		};
		DE8E5DB2215348EE002AE872 /* Comic */ = {
			isa = PBXGroup;
			children = (
				DE8E5DB3215348EE002AE872 /* ComicServiceProtocols.h */,
				DE8E5DB4215348EE002AE872 /* ComicService.h */,
				DE8E5DB5215348EE002AE872 /* ComicService.m */,
			);
			path = Comic;
			sourceTree = "<group>";
		};
		DE8E5DB6215348EE002AE872 /* News */ = {
			isa = PBXGroup;
			children = (
				DE8E5DB9215348EE002AE872 /* NewsServiceProtocols.h */,
				DE8E5DB7215348EE002AE872 /* NewsService.h */,
				DE8E5DB8215348EE002AE872 /* NewsService.m */,
			);
			path = News;
			sourceTree = "<group>";
		};
		DE8E5DBE215348EE002AE872 /* Utils */ = {
			isa = PBXGroup;
			children = (
				DE8E5DC0215348EE002AE872 /* Constants.h */,
				DE8E5DBF215348EE002AE872 /* Utils.h */,
				DE8E5DC1215348EE002AE872 /* Utils.m */,
			);
			path = Utils;
			sourceTree = "<group>";
		};
		DE8E5DC2215348EE002AE872 /* UI */ = {
			isa = PBXGroup;
			children = (
				DE8E5DC3215348EE002AE872 /* Storyboards */,
				DE8E5DC5215348EE002AE872 /* Scenes */,
				DE8E5E05215348EE002AE872 /* ViewComponents */,
			);
			path = UI;
			sourceTree = "<group>";
		};
		DE8E5DC3215348EE002AE872 /* Storyboards */ = {
			isa = PBXGroup;
			children = (
				DE8E5DC4215348EE002AE872 /* Main.storyboard */,
			);
			path = Storyboards;
			sourceTree = "<group>";
		};
		DE8E5DC5215348EE002AE872 /* Scenes */ = {
			isa = PBXGroup;
			children = (
				DE8E5DF0215348EE002AE872 /* Home */,
				DE8E5DDC215348EE002AE872 /* Films */,
				DE8E5DD2215348EE002AE872 /* News */,
				DE8E5DC6215348EE002AE872 /* Comics */,
				DED3A40421E6F90800B479BF /* Technologies */,
			);
			path = Scenes;
			sourceTree = "<group>";
		};
		DE8E5DC6215348EE002AE872 /* Comics */ = {
			isa = PBXGroup;
			children = (
				DE8E5DC7215348EE002AE872 /* ViewProtocols */,
				DE8E5DCA215348EE002AE872 /* Presenter */,
				DE8E5DC9215348EE002AE872 /* ComicsViewController.h */,
				DE8E5DCF215348EE002AE872 /* ComicsViewController.m */,
				DE8E5DCE215348EE002AE872 /* ComicsViewController.xib */,
			);
			path = Comics;
			sourceTree = "<group>";
		};
		DE8E5DC7215348EE002AE872 /* ViewProtocols */ = {
			isa = PBXGroup;
			children = (
				DE8E5DC8215348EE002AE872 /* ComicsViewProtocols.h */,
			);
			path = ViewProtocols;
			sourceTree = "<group>";
		};
		DE8E5DCA215348EE002AE872 /* Presenter */ = {
			isa = PBXGroup;
			children = (
				DE8E5DCD215348EE002AE872 /* ComicsPresenterProtocols.h */,
				DE8E5DCC215348EE002AE872 /* ComicsPresenter.h */,
				DE8E5DCB215348EE002AE872 /* ComicsPresenter.m */,
			);
			path = Presenter;
			sourceTree = "<group>";
		};
		DE8E5DD2215348EE002AE872 /* News */ = {
			isa = PBXGroup;
			children = (
				DE8E5DD4215348EE002AE872 /* ViewProtocols */,
				DE8E5DD7215348EE002AE872 /* Presenter */,
				DE8E5DDB215348EE002AE872 /* NewsViewController.h */,
				DE8E5DD3215348EE002AE872 /* NewsViewController.m */,
				DE8E5DD6215348EE002AE872 /* NewsViewController.xib */,
			);
			path = News;
			sourceTree = "<group>";
		};
		DE8E5DD4215348EE002AE872 /* ViewProtocols */ = {
			isa = PBXGroup;
			children = (
				DE8E5DD5215348EE002AE872 /* NewsViewProtocols.h */,
			);
			path = ViewProtocols;
			sourceTree = "<group>";
		};
		DE8E5DD7215348EE002AE872 /* Presenter */ = {
			isa = PBXGroup;
			children = (
				DE8E5DD8215348EE002AE872 /* NewsPresenterProtocols.h */,
				DE8E5DDA215348EE002AE872 /* NewsPresenter.h */,
				DE8E5DD9215348EE002AE872 /* NewsPresenter.m */,
			);
			path = Presenter;
			sourceTree = "<group>";
		};
		DE8E5DDC215348EE002AE872 /* Films */ = {
			isa = PBXGroup;
			children = (
				DE8E5DDD215348EE002AE872 /* ViewProtocols */,
				DE8E5DE0215348EE002AE872 /* Presenter */,
				DE8E5DDF215348EE002AE872 /* FilmsViewController.h */,
				DE8E5DE4215348EE002AE872 /* FilmsViewController.m */,
				DE8E5DE5215348EE002AE872 /* FilmsViewController.xib */,
			);
			path = Films;
			sourceTree = "<group>";
		};
		DE8E5DDD215348EE002AE872 /* ViewProtocols */ = {
			isa = PBXGroup;
			children = (
				DE8E5DDE215348EE002AE872 /* FilmsViewProtocols.h */,
			);
			path = ViewProtocols;
			sourceTree = "<group>";
		};
		DE8E5DE0215348EE002AE872 /* Presenter */ = {
			isa = PBXGroup;
			children = (
				DE8E5DE2215348EE002AE872 /* FilmsPresenterProtocols.h */,
				DE8E5DE1215348EE002AE872 /* FilmsPresenter.h */,
				DE8E5DE3215348EE002AE872 /* FilmsPresenter.m */,
			);
			path = Presenter;
			sourceTree = "<group>";
		};
		DE8E5DF0215348EE002AE872 /* Home */ = {
			isa = PBXGroup;
			children = (
				DE8E5DF1215348EE002AE872 /* ViewProtocols */,
				DE8E5DF4215348EE002AE872 /* Presenter */,
				DE8E5DF8215348EE002AE872 /* HomeViewController.h */,
				DE8E5DF3215348EE002AE872 /* HomeViewController.m */,
			);
			path = Home;
			sourceTree = "<group>";
		};
		DE8E5DF1215348EE002AE872 /* ViewProtocols */ = {
			isa = PBXGroup;
			children = (
				DE8E5DF2215348EE002AE872 /* HomeViewProtocols.h */,
			);
			path = ViewProtocols;
			sourceTree = "<group>";
		};
		DE8E5DF4215348EE002AE872 /* Presenter */ = {
			isa = PBXGroup;
			children = (
				DE8E5DF6215348EE002AE872 /* HomePresenterProtocols.h */,
				DE8E5DF5215348EE002AE872 /* HomePresenter.h */,
				DE8E5DF7215348EE002AE872 /* HomePresenter.m */,
			);
			path = Presenter;
			sourceTree = "<group>";
		};
		DE8E5DFE215348EE002AE872 /* CustomClasses */ = {
			isa = PBXGroup;
			children = (
				DE7BCDE121BA0CC500EE1B33 /* CustomNSView */,
				DE8E5DFF215348EE002AE872 /* CustomNSTableRowView */,
				DE8E5E02215348EE002AE872 /* CustomNSOutlineView */,
			);
			path = CustomClasses;
			sourceTree = "<group>";
		};
		DE8E5DFF215348EE002AE872 /* CustomNSTableRowView */ = {
			isa = PBXGroup;
			children = (
				DE8E5E00215348EE002AE872 /* CustomNSTableRowView.h */,
				DE8E5E01215348EE002AE872 /* CustomNSTableRowView.m */,
			);
			path = CustomNSTableRowView;
			sourceTree = "<group>";
		};
		DE8E5E02215348EE002AE872 /* CustomNSOutlineView */ = {
			isa = PBXGroup;
			children = (
				DE8E5E04215348EE002AE872 /* CustomNSOutlineView.h */,
				DE8E5E03215348EE002AE872 /* CustomNSOutlineView.m */,
			);
			path = CustomNSOutlineView;
			sourceTree = "<group>";
		};
		DE8E5E05215348EE002AE872 /* ViewComponents */ = {
			isa = PBXGroup;
			children = (
				DE8E5E14215348EE002AE872 /* FilmCellView */,
				DE8E5E06215348EE002AE872 /* NewsCellView */,
				DE8E5E10215348EE002AE872 /* ComicCellView */,
				DED3A3F621E6EAF900B479BF /* TechnologyCellView */,
			);
			path = ViewComponents;
			sourceTree = "<group>";
		};
		DE8E5E06215348EE002AE872 /* NewsCellView */ = {
			isa = PBXGroup;
			children = (
				DE8E5E07215348EE002AE872 /* ViewProtocols */,
				DE8E5E0A215348EE002AE872 /* Presenter */,
				DE8E5E09215348EE002AE872 /* NewsCellView.h */,
				DE8E5E0E215348EE002AE872 /* NewsCellView.m */,
				DE8E5E0F215348EE002AE872 /* NewsCellView.xib */,
			);
			path = NewsCellView;
			sourceTree = "<group>";
		};
		DE8E5E07215348EE002AE872 /* ViewProtocols */ = {
			isa = PBXGroup;
			children = (
				DE8E5E08215348EE002AE872 /* NewsCellViewProtocols.h */,
			);
			path = ViewProtocols;
			sourceTree = "<group>";
		};
		DE8E5E0A215348EE002AE872 /* Presenter */ = {
			isa = PBXGroup;
			children = (
				DE8E5E0D215348EE002AE872 /* NewsCellPresenterProtocols.h */,
				DE8E5E0B215348EE002AE872 /* NewsCellPresenter.h */,
				DE8E5E0C215348EE002AE872 /* NewsCellPresenter.m */,
			);
			path = Presenter;
			sourceTree = "<group>";
		};
		DE8E5E10215348EE002AE872 /* ComicCellView */ = {
			isa = PBXGroup;
			children = (
				DE8E5E12215348EE002AE872 /* ComicCellView.h */,
				DE8E5E11215348EE002AE872 /* ComicCellView.m */,
				DE8E5E13215348EE002AE872 /* ComicCellView.xib */,
			);
			path = ComicCellView;
			sourceTree = "<group>";
		};
		DE8E5E14215348EE002AE872 /* FilmCellView */ = {
			isa = PBXGroup;
			children = (
				DE8E5E15215348EE002AE872 /* ViewProtocols */,
				DE8E5E18215348EE002AE872 /* Presenter */,
				DE8E5E1D215348EE002AE872 /* FilmCellView.h */,
				DE8E5E1C215348EE002AE872 /* FilmCellView.m */,
				DE8E5E17215348EE002AE872 /* FilmCellView.xib */,
			);
			path = FilmCellView;
			sourceTree = "<group>";
		};
		DE8E5E15215348EE002AE872 /* ViewProtocols */ = {
			isa = PBXGroup;
			children = (
				DE8E5E16215348EE002AE872 /* FilmCellViewProtocols.h */,
			);
			path = ViewProtocols;
			sourceTree = "<group>";
		};
		DE8E5E18215348EE002AE872 /* Presenter */ = {
			isa = PBXGroup;
			children = (
				DE8E5E19215348EE002AE872 /* FilmCellPresenterProtocols.h */,
				DE8E5E1B215348EE002AE872 /* FilmCellPresenter.h */,
				DE8E5E1A215348EE002AE872 /* FilmCellPresenter.m */,
			);
			path = Presenter;
			sourceTree = "<group>";
		};
		DE8E5E28215348EF002AE872 /* Application */ = {
			isa = PBXGroup;
			children = (
				DE8E5C7821534821002AE872 /* AppDelegate.h */,
				DE8E5C7921534821002AE872 /* AppDelegate.m */,
			);
			path = Application;
			sourceTree = "<group>";
		};
		DED3A3C221E6E4F700B479BF /* Technology */ = {
			isa = PBXGroup;
			children = (
				DED3A3C321E6E50A00B479BF /* TechnologyServiceProtocols.h */,
				DED3A3C421E6E52500B479BF /* TechnologyService.h */,
				DED3A3C521E6E52500B479BF /* TechnologyService.m */,
			);
			path = Technology;
			sourceTree = "<group>";
		};
		DED3A3C721E6E5A800B479BF /* Technology */ = {
			isa = PBXGroup;
			children = (
				DED3A3C921E6E5C400B479BF /* TechnologyRepositoryProtocols.h */,
				DED3A3CA21E6E5DB00B479BF /* TechnologyRepository.h */,
				DED3A3CB21E6E5DB00B479BF /* TechnologyRepository.m */,
			);
			path = Technology;
			sourceTree = "<group>";
		};
		DED3A3CD21E6E5F900B479BF /* Technology */ = {
			isa = PBXGroup;
			children = (
				DED3A3CE21E6E60B00B479BF /* Technology.h */,
				DED3A3CF21E6E60B00B479BF /* Technology.m */,
			);
			path = Technology;
			sourceTree = "<group>";
		};
		DED3A3D121E6E64200B479BF /* DatasourcesManager */ = {
			isa = PBXGroup;
			children = (
				DED3A3D221E6E64200B479BF /* Bases */,
				DED3A3D821E6E64200B479BF /* CollectionViewManager */,
				DED3A3E921E6E64200B479BF /* OutlineViewManager */,
				DED3A3EC21E6E64200B479BF /* TableViewManager */,
				DED3A3DB21E6E64200B479BF /* Components */,
			);
			path = DatasourcesManager;
			sourceTree = "<group>";
		};
		DED3A3D221E6E64200B479BF /* Bases */ = {
			isa = PBXGroup;
			children = (
				DED3A3D321E6E64200B479BF /* RowProtocols */,
			);
			path = Bases;
			sourceTree = "<group>";
		};
		DED3A3D321E6E64200B479BF /* RowProtocols */ = {
			isa = PBXGroup;
			children = (
				DED3A3D421E6E64200B479BF /* ViewRowProtocols.h */,
				DED3A3D621E6E64200B479BF /* AbstractViewRowProtocols.h */,
				DED3A3D521E6E64200B479BF /* AbstractViewRow.h */,
				DED3A3D721E6E64200B479BF /* AbstractViewRow.m */,
			);
			path = RowProtocols;
			sourceTree = "<group>";
		};
		DED3A3D821E6E64200B479BF /* CollectionViewManager */ = {
			isa = PBXGroup;
			children = (
				DED3A3D921E6E64200B479BF /* CollectionViewManager.h */,
				DED3A3DA21E6E64200B479BF /* CollectionViewManager.m */,
			);
			path = CollectionViewManager;
			sourceTree = "<group>";
		};
		DED3A3DB21E6E64200B479BF /* Components */ = {
			isa = PBXGroup;
			children = (
				DED3A3DC21E6E64200B479BF /* NSCollectionViewItem */,
				DED3A3E021E6E64200B479BF /* NSTableCellView */,
			);
			path = Components;
			sourceTree = "<group>";
		};
		DED3A3DC21E6E64200B479BF /* NSCollectionViewItem */ = {
			isa = PBXGroup;
			children = (
				DED3A3DE21E6E64200B479BF /* CollectionViewRowProtocols.h */,
				DED3A3DF21E6E64200B479BF /* CollectionViewRow.h */,
				DED3A3DD21E6E64200B479BF /* CollectionViewRow.m */,
			);
			path = NSCollectionViewItem;
			sourceTree = "<group>";
		};
		DED3A3E021E6E64200B479BF /* NSTableCellView */ = {
			isa = PBXGroup;
			children = (
				DED3A3E521E6E64200B479BF /* TableViewRow */,
				DED3A3E121E6E64200B479BF /* OutlineViewRow */,
			);
			path = NSTableCellView;
			sourceTree = "<group>";
		};
		DED3A3E121E6E64200B479BF /* OutlineViewRow */ = {
			isa = PBXGroup;
			children = (
				DED3A3E321E6E64200B479BF /* OutlineViewRowProtocols.h */,
				DED3A3E421E6E64200B479BF /* OutlineViewRow.h */,
				DED3A3E221E6E64200B479BF /* OutlineViewRow.m */,
			);
			path = OutlineViewRow;
			sourceTree = "<group>";
		};
		DED3A3E521E6E64200B479BF /* TableViewRow */ = {
			isa = PBXGroup;
			children = (
				DED3A3E721E6E64200B479BF /* TableViewRowProtocols.h */,
				DED3A3E821E6E64200B479BF /* TableViewRow.h */,
				DED3A3E621E6E64200B479BF /* TableViewRow.m */,
			);
			path = TableViewRow;
			sourceTree = "<group>";
		};
		DED3A3E921E6E64200B479BF /* OutlineViewManager */ = {
			isa = PBXGroup;
			children = (
				DED3A3EA21E6E64200B479BF /* OutlineViewManager.h */,
				DED3A3EB21E6E64200B479BF /* OutlineViewManager.m */,
			);
			path = OutlineViewManager;
			sourceTree = "<group>";
		};
		DED3A3EC21E6E64200B479BF /* TableViewManager */ = {
			isa = PBXGroup;
			children = (
				DED3A3ED21E6E64200B479BF /* TableViewManager.h */,
				DED3A3EE21E6E64200B479BF /* TableViewManager.m */,
			);
			path = TableViewManager;
			sourceTree = "<group>";
		};
		DED3A3F621E6EAF900B479BF /* TechnologyCellView */ = {
			isa = PBXGroup;
			children = (
				DED3A3F821E6EB1800B479BF /* ViewProtocols */,
				DED3A3F721E6EB1200B479BF /* Presenter */,
				DED3A3F921E6EB3B00B479BF /* TechnologyCellView.h */,
				DED3A3FA21E6EB3B00B479BF /* TechnologyCellView.m */,
				DED3A3FD21E6EB5700B479BF /* TechnologyCellView.xib */,
			);
			path = TechnologyCellView;
			sourceTree = "<group>";
		};
		DED3A3F721E6EB1200B479BF /* Presenter */ = {
			isa = PBXGroup;
			children = (
				DED3A40021E6EC7A00B479BF /* TechnologyCellPresenterProtocols.h */,
				DED3A40121E6EC9A00B479BF /* TechnologyCellPresenter.h */,
				DED3A40221E6EC9A00B479BF /* TechnologyCellPresenter.m */,
			);
			path = Presenter;
			sourceTree = "<group>";
		};
		DED3A3F821E6EB1800B479BF /* ViewProtocols */ = {
			isa = PBXGroup;
			children = (
				DED3A3FF21E6EC5300B479BF /* TechnologyCellViewProtocols.h */,
			);
			path = ViewProtocols;
			sourceTree = "<group>";
		};
		DED3A40421E6F90800B479BF /* Technologies */ = {
			isa = PBXGroup;
			children = (
				DED3A40621E6F92400B479BF /* ViewProtocols */,
				DED3A40521E6F91500B479BF /* Presenter */,
				DED3A40C21E6FDF000B479BF /* TechnologiesViewController.h */,
				DED3A40D21E6FDF000B479BF /* TechnologiesViewController.m */,
				DED3A40E21E6FDF000B479BF /* TechnologiesViewController.xib */,
			);
			path = Technologies;
			sourceTree = "<group>";
		};
		DED3A40521E6F91500B479BF /* Presenter */ = {
			isa = PBXGroup;
			children = (
				DED3A40821E6F96700B479BF /* TechnologiesPresenterProtocols.h */,
				DED3A40921E6F97300B479BF /* TechnologiesPresenter.h */,
				DED3A40A21E6F97300B479BF /* TechnologiesPresenter.m */,
			);
			path = Presenter;
			sourceTree = "<group>";
		};
		DED3A40621E6F92400B479BF /* ViewProtocols */ = {
			isa = PBXGroup;
			children = (
				DED3A40721E6F94100B479BF /* TechnologiesViewProtocols.h */,
			);
			path = ViewProtocols;
			sourceTree = "<group>";
		};
		DEDE45E621533F86004E8DEF = {
			isa = PBXGroup;
			children = (
				DEDE45F221533F86004E8DEF /* FlowarePopover */,
				DE8E5C7721534821002AE872 /* FlowarePopover-Sample */,
				DEDE45F121533F86004E8DEF /* Products */,
				DEDE467321534062004E8DEF /* Frameworks */,
			);
			sourceTree = "<group>";
		};
		DEDE45F121533F86004E8DEF /* Products */ = {
			isa = PBXGroup;
			children = (
				DEDE45F021533F86004E8DEF /* FlowarePopover.framework */,
				DE8E5C7621534821002AE872 /* FlowarePopover-Sample.app */,
			);
			name = Products;
			sourceTree = "<group>";
		};
		DEDE45F221533F86004E8DEF /* FlowarePopover */ = {
			isa = PBXGroup;
			children = (
				DEDE463721534005004E8DEF /* Classes */,
				DEDE45F321533F86004E8DEF /* FlowarePopover.h */,
				DEDE45F421533F86004E8DEF /* Info.plist */,
			);
			path = FlowarePopover;
			sourceTree = "<group>";
		};
		DEDE463721534005004E8DEF /* Classes */ = {
			isa = PBXGroup;
			children = (
				DEDE463E21534005004E8DEF /* Extensions */,
				DEDE465421534005004E8DEF /* FLOPopoverConstants.h */,
				DEDE463C21534005004E8DEF /* FLOPopover.h */,
				DEDE465321534005004E8DEF /* FLOPopover.m */,
				DEDE465021534005004E8DEF /* FLOPopoverService.h */,
				DEDE463821534005004E8DEF /* FLOViewPopup.h */,
				DEDE464F21534005004E8DEF /* FLOViewPopup.m */,
				DEDE464E21534005004E8DEF /* FLOWindowPopup.h */,
				DEDE463921534005004E8DEF /* FLOWindowPopup.m */,
				DEDE465521534005004E8DEF /* FLOPopoverUtils.h */,
				DEDE463B21534005004E8DEF /* FLOPopoverUtils.m */,
				DEDE465121534005004E8DEF /* FLOPopoverBackgroundView.h */,
				DEDE463A21534005004E8DEF /* FLOPopoverBackgroundView.m */,
			);
			path = Classes;
			sourceTree = "<group>";
		};
		DEDE463E21534005004E8DEF /* Extensions */ = {
			isa = PBXGroup;
			children = (
				DE8E5E872153B7AF002AE872 /* FLOExtensionsCABasicAnimation.h */,
				DE8E5E882153B7AF002AE872 /* FLOExtensionsCABasicAnimation.m */,
				DE8E5E8B2153B878002AE872 /* FLOExtensionsCAKeyframeAnimation.h */,
				DE8E5E8C2153B878002AE872 /* FLOExtensionsCAKeyframeAnimation.m */,
				DE8E5E932153BAAC002AE872 /* FLOExtensionsGraphicsContext.h */,
				DE8E5E942153BAAC002AE872 /* FLOExtensionsGraphicsContext.m */,
				DE8E5E8F2153B8C1002AE872 /* FLOExtensionsNSValue.h */,
				DE8E5E902153B8C1002AE872 /* FLOExtensionsNSValue.m */,
				DE8E5E832153B69E002AE872 /* FLOExtensionsNSView.h */,
				DE8E5E842153B69E002AE872 /* FLOExtensionsNSView.m */,
				DE8E5E7F2153B62B002AE872 /* FLOExtensionsNSWindow.h */,
				DE8E5E802153B62B002AE872 /* FLOExtensionsNSWindow.m */,
			);
			path = Extensions;
			sourceTree = "<group>";
		};
		DEDE467321534062004E8DEF /* Frameworks */ = {
			isa = PBXGroup;
			children = (
				DE8E5C7021534233002AE872 /* AppleScriptObjC.framework */,
				DEDE467A21534119004E8DEF /* AppKit.framework */,
				DEDE46782153406C004E8DEF /* QuartzCore.framework */,
				DEDE467621534068004E8DEF /* Cocoa.framework */,
				DEDE467421534062004E8DEF /* Foundation.framework */,
			);
			name = Frameworks;
			sourceTree = "<group>";
		};
		DEF15E9D21DDCBD400FDE038 /* Bases */ = {
			isa = PBXGroup;
			children = (
				DEF15EB021DDCBD400FDE038 /* Service */,
				DEF15E9E21DDCBD400FDE038 /* Repository */,
				DEF15EAB21DDCBD400FDE038 /* Model */,
				DEF15EAE21DDCBD400FDE038 /* View */,
				DEF15EA621DDCBD400FDE038 /* Presenter */,
				DEF15EA221DDCBD400FDE038 /* WindowController */,
				DEF15EB421DDCBD400FDE038 /* ViewController */,
				DEF15EAA21DDCBD400FDE038 /* Component */,
			);
			path = Bases;
			sourceTree = "<group>";
		};
		DEF15E9E21DDCBD400FDE038 /* Repository */ = {
			isa = PBXGroup;
			children = (
				DEF15EA021DDCBD400FDE038 /* AbstractRepositoryProtocols.h */,
				DEF15E9F21DDCBD400FDE038 /* AbstractRepository.h */,
				DEF15EA121DDCBD400FDE038 /* AbstractRepository.m */,
			);
			path = Repository;
			sourceTree = "<group>";
		};
		DEF15EA221DDCBD400FDE038 /* WindowController */ = {
			isa = PBXGroup;
			children = (
				DEF15EA521DDCBD400FDE038 /* AbstractWindowController.h */,
				DEF15EA421DDCBD400FDE038 /* AbstractWindowController.m */,
			);
			path = WindowController;
			sourceTree = "<group>";
		};
		DEF15EA621DDCBD400FDE038 /* Presenter */ = {
			isa = PBXGroup;
			children = (
				DEF15EA921DDCBD400FDE038 /* AbstractPresenterProtocols.h */,
				DEF15EA821DDCBD400FDE038 /* AbstractPresenter.h */,
				DEF15EA721DDCBD400FDE038 /* AbstractPresenter.m */,
			);
			path = Presenter;
			sourceTree = "<group>";
		};
		DEF15EAA21DDCBD400FDE038 /* Component */ = {
			isa = PBXGroup;
			children = (
			);
			path = Component;
			sourceTree = "<group>";
		};
		DEF15EAB21DDCBD400FDE038 /* Model */ = {
			isa = PBXGroup;
			children = (
				DEF15EAC21DDCBD400FDE038 /* AbstractData.h */,
				DEF15EAD21DDCBD400FDE038 /* AbstractData.m */,
			);
			path = Model;
			sourceTree = "<group>";
		};
		DEF15EAE21DDCBD400FDE038 /* View */ = {
			isa = PBXGroup;
			children = (
				DEF15EAF21DDCBD400FDE038 /* AbstractViewProtocols.h */,
			);
			path = View;
			sourceTree = "<group>";
		};
		DEF15EB021DDCBD400FDE038 /* Service */ = {
			isa = PBXGroup;
			children = (
				DEF15EB221DDCBD400FDE038 /* AbstractServiceProtocols.h */,
				DEF15EB121DDCBD400FDE038 /* AbstractService.h */,
				DEF15EB321DDCBD400FDE038 /* AbstractService.m */,
			);
			path = Service;
			sourceTree = "<group>";
		};
		DEF15EB421DDCBD400FDE038 /* ViewController */ = {
			isa = PBXGroup;
			children = (
				DEF15EB521DDCBD400FDE038 /* AbstractViewController.h */,
				DEF15EB621DDCBD400FDE038 /* AbstractViewController.m */,
			);
			path = ViewController;
			sourceTree = "<group>";
		};
		DEF15EBE21DDCC8400FDE038 /* Categories */ = {
			isa = PBXGroup;
			children = (
				DEF15EBF21DDCC8400FDE038 /* Colors */,
			);
			path = Categories;
			sourceTree = "<group>";
		};
		DEF15EBF21DDCC8400FDE038 /* Colors */ = {
			isa = PBXGroup;
			children = (
				DEF15EC021DDCC8400FDE038 /* NSColor+Custom.h */,
				DEF15EC121DDCC8400FDE038 /* NSColor+Custom.m */,
			);
			path = Colors;
			sourceTree = "<group>";
		};
/* End PBXGroup section */

/* Begin PBXHeadersBuildPhase section */
		DEDE45ED21533F86004E8DEF /* Headers */ = {
			isa = PBXHeadersBuildPhase;
			buildActionMask = 2147483647;
			files = (
				DE8E5E812153B62B002AE872 /* FLOExtensionsNSWindow.h in Headers */,
				DE8E5E952153BAAC002AE872 /* FLOExtensionsGraphicsContext.h in Headers */,
				DE8E5E892153B7AF002AE872 /* FLOExtensionsCABasicAnimation.h in Headers */,
				DE8E5E912153B8C1002AE872 /* FLOExtensionsNSValue.h in Headers */,
				DEDE465621534005004E8DEF /* FLOViewPopup.h in Headers */,
				DEDE467221534005004E8DEF /* FLOPopoverUtils.h in Headers */,
				DEDE465A21534005004E8DEF /* FLOPopover.h in Headers */,
				DEDE45F521533F86004E8DEF /* FlowarePopover.h in Headers */,
				DE8E5E8D2153B878002AE872 /* FLOExtensionsCAKeyframeAnimation.h in Headers */,
				DE8E5E852153B69E002AE872 /* FLOExtensionsNSView.h in Headers */,
				DEDE466E21534005004E8DEF /* FLOPopoverBackgroundView.h in Headers */,
				DEDE466D21534005004E8DEF /* FLOPopoverService.h in Headers */,
				DEDE467121534005004E8DEF /* FLOPopoverConstants.h in Headers */,
				DEDE466B21534005004E8DEF /* FLOWindowPopup.h in Headers */,
			);
			runOnlyForDeploymentPostprocessing = 0;
		};
/* End PBXHeadersBuildPhase section */

/* Begin PBXNativeTarget section */
		DE8E5C7521534821002AE872 /* FlowarePopover-Sample */ = {
			isa = PBXNativeTarget;
			buildConfigurationList = DE8E5C8621534822002AE872 /* Build configuration list for PBXNativeTarget "FlowarePopover-Sample" */;
			buildPhases = (
				DE8E5C7221534821002AE872 /* Sources */,
				DE8E5C7321534821002AE872 /* Frameworks */,
				DE8E5C7421534821002AE872 /* Resources */,
			);
			buildRules = (
			);
			dependencies = (
			);
			name = "FlowarePopover-Sample";
			productName = "FlowarePopover-Sample";
			productReference = DE8E5C7621534821002AE872 /* FlowarePopover-Sample.app */;
			productType = "com.apple.product-type.application";
		};
		DEDE45EF21533F86004E8DEF /* FlowarePopover */ = {
			isa = PBXNativeTarget;
			buildConfigurationList = DEDE45F821533F86004E8DEF /* Build configuration list for PBXNativeTarget "FlowarePopover" */;
			buildPhases = (
				DEDE45EB21533F86004E8DEF /* Sources */,
				DEDE45EC21533F86004E8DEF /* Frameworks */,
				DEDE45ED21533F86004E8DEF /* Headers */,
				DEDE45EE21533F86004E8DEF /* Resources */,
			);
			buildRules = (
			);
			dependencies = (
			);
			name = FlowarePopover;
			productName = FlowarePopover;
			productReference = DEDE45F021533F86004E8DEF /* FlowarePopover.framework */;
			productType = "com.apple.product-type.framework";
		};
/* End PBXNativeTarget section */

/* Begin PBXProject section */
		DEDE45E721533F86004E8DEF /* Project object */ = {
			isa = PBXProject;
			attributes = {
				LastUpgradeCheck = 0940;
				ORGANIZATIONNAME = "Floware Inc.";
				TargetAttributes = {
					DE8E5C7521534821002AE872 = {
						CreatedOnToolsVersion = 9.4.1;
					};
					DEDE45EF21533F86004E8DEF = {
						CreatedOnToolsVersion = 9.4.1;
					};
				};
			};
			buildConfigurationList = DEDE45EA21533F86004E8DEF /* Build configuration list for PBXProject "FlowarePopover" */;
			compatibilityVersion = "Xcode 9.3";
			developmentRegion = en;
			hasScannedForEncodings = 0;
			knownRegions = (
				en,
				Base,
			);
			mainGroup = DEDE45E621533F86004E8DEF;
			productRefGroup = DEDE45F121533F86004E8DEF /* Products */;
			projectDirPath = "";
			projectRoot = "";
			targets = (
				DEDE45EF21533F86004E8DEF /* FlowarePopover */,
				DE8E5C7521534821002AE872 /* FlowarePopover-Sample */,
			);
		};
/* End PBXProject section */

/* Begin PBXResourcesBuildPhase section */
		DE8E5C7421534821002AE872 /* Resources */ = {
			isa = PBXResourcesBuildPhase;
			buildActionMask = 2147483647;
			files = (
				DE8E5E64215348EF002AE872 /* ComicCellView.xib in Resources */,
				DE8E5E4C215348EF002AE872 /* Main.storyboard in Resources */,
				DE8E5C7C21534822002AE872 /* Assets.xcassets in Resources */,
				DED3A3FE21E6EB5700B479BF /* TechnologyCellView.xib in Resources */,
				DE8E5E62215348EF002AE872 /* NewsCellView.xib in Resources */,
				DE8E5E56215348EF002AE872 /* FilmsViewController.xib in Resources */,
				DED3A41021E6FDF000B479BF /* TechnologiesViewController.xib in Resources */,
				DE8E5E52215348EF002AE872 /* NewsViewController.xib in Resources */,
				DE8E5E4E215348EF002AE872 /* ComicsViewController.xib in Resources */,
				DE0BF080219BB9E800FF3AD6 /* Colors.xcassets in Resources */,
				DE8E5E3C215348EF002AE872 /* MockData.plist in Resources */,
				DE8E5E65215348EF002AE872 /* FilmCellView.xib in Resources */,
			);
			runOnlyForDeploymentPostprocessing = 0;
		};
		DEDE45EE21533F86004E8DEF /* Resources */ = {
			isa = PBXResourcesBuildPhase;
			buildActionMask = 2147483647;
			files = (
			);
			runOnlyForDeploymentPostprocessing = 0;
		};
/* End PBXResourcesBuildPhase section */

/* Begin PBXSourcesBuildPhase section */
		DE8E5C7221534821002AE872 /* Sources */ = {
			isa = PBXSourcesBuildPhase;
			buildActionMask = 2147483647;
			files = (
				DE8E5EA12153BD42002AE872 /* FLOExtensionsNSWindow.m in Sources */,
				DED3A3F521E6E64200B479BF /* TableViewManager.m in Sources */,
				DE8E5EA02153BD3E002AE872 /* FLOExtensionsNSView.m in Sources */,
				DE8E5E9F2153BD3A002AE872 /* FLOExtensionsNSValue.m in Sources */,
				DED3A3D021E6E60B00B479BF /* Technology.m in Sources */,
				DE8E5E9E2153BD36002AE872 /* FLOExtensionsGraphicsContext.m in Sources */,
				DE8E5E9C2153BD2E002AE872 /* FLOExtensionsCAKeyframeAnimation.m in Sources */,
				DE8E5E9B2153BD29002AE872 /* FLOExtensionsCABasicAnimation.m in Sources */,
				DE8E5E772153515C002AE872 /* FLOPopoverBackgroundView.m in Sources */,
				DE8E5E7621535154002AE872 /* FLOPopoverUtils.m in Sources */,
				DE8E5E7421535132002AE872 /* FLOWindowPopup.m in Sources */,
				DED3A3F221E6E64200B479BF /* OutlineViewRow.m in Sources */,
				DE8E5E732153512C002AE872 /* FLOViewPopup.m in Sources */,
				DE8E5E712153510A002AE872 /* FLOPopover.m in Sources */,
				DE8E5E4D215348EF002AE872 /* ComicsPresenter.m in Sources */,
				DE8E5E45215348EF002AE872 /* NewsRepository.m in Sources */,
				DE8E5E67215348EF002AE872 /* FilmCellView.m in Sources */,
				DE8E5E4F215348EF002AE872 /* ComicsViewController.m in Sources */,
				DE8E5E66215348EF002AE872 /* FilmCellPresenter.m in Sources */,
				DE8E5E41215348EF002AE872 /* News.m in Sources */,
				DE8E5E3F215348EF002AE872 /* Film.m in Sources */,
				DE8E5E49215348EF002AE872 /* NewsService.m in Sources */,
				DED3A40F21E6FDF000B479BF /* TechnologiesViewController.m in Sources */,
				DED3A3F321E6E64200B479BF /* TableViewRow.m in Sources */,
				DED3A3C621E6E52500B479BF /* TechnologyService.m in Sources */,
				DEF15EB921DDCBD400FDE038 /* AbstractWindowController.m in Sources */,
				DEF15EBD21DDCBD400FDE038 /* AbstractViewController.m in Sources */,
				DED3A3CC21E6E5DB00B479BF /* TechnologyRepository.m in Sources */,
				DE8E5E55215348EF002AE872 /* FilmsViewController.m in Sources */,
				DED3A40B21E6F97300B479BF /* TechnologiesPresenter.m in Sources */,
				DED3A3F421E6E64200B479BF /* OutlineViewManager.m in Sources */,
				DE8E5E40215348EF002AE872 /* Comic.m in Sources */,
				DE8E5E60215348EF002AE872 /* NewsCellPresenter.m in Sources */,
				DED3A40321E6EC9A00B479BF /* TechnologyCellPresenter.m in Sources */,
				DE8E5C8221534822002AE872 /* main.m in Sources */,
				DE7BCDF321BA1C5900EE1B33 /* WindowMainView.m in Sources */,
				DE8E5E5A215348EF002AE872 /* HomeViewController.m in Sources */,
				DED3A3FB21E6EB3B00B479BF /* TechnologyCellView.m in Sources */,
				DED3A3EF21E6E64200B479BF /* AbstractViewRow.m in Sources */,
				DE8E5E5B215348EF002AE872 /* HomePresenter.m in Sources */,
				DEF15EC221DDCC8400FDE038 /* NSColor+Custom.m in Sources */,
				DEF15EBA21DDCBD400FDE038 /* AbstractPresenter.m in Sources */,
				DE8E5E54215348EF002AE872 /* FilmsPresenter.m in Sources */,
				DE8E5E4B215348EF002AE872 /* Utils.m in Sources */,
				DE8E5C7A21534821002AE872 /* AppDelegate.m in Sources */,
				DE8E5E63215348EF002AE872 /* ComicCellView.m in Sources */,
				DEF15EBC21DDCBD400FDE038 /* AbstractService.m in Sources */,
				DE8E5E3A215348EF002AE872 /* AppleScript.m in Sources */,
				DED3A3F021E6E64200B479BF /* CollectionViewManager.m in Sources */,
				DE8E5E47215348EF002AE872 /* FilmService.m in Sources */,
				DE8E5E43215348EF002AE872 /* FilmRepository.m in Sources */,
				DE8E5E5F215348EF002AE872 /* CustomNSOutlineView.m in Sources */,
				DED3A3F121E6E64200B479BF /* CollectionViewRow.m in Sources */,
				DE8E5E51215348EF002AE872 /* NewsViewController.m in Sources */,
				DE8E5E53215348EF002AE872 /* NewsPresenter.m in Sources */,
				DEF15EB721DDCBD400FDE038 /* AbstractRepository.m in Sources */,
				DE8E5E3B215348EF002AE872 /* AppleScriptBridge.applescript in Sources */,
				DE8E5E61215348EF002AE872 /* NewsCellView.m in Sources */,
				DE8E5E5E215348EF002AE872 /* CustomNSTableRowView.m in Sources */,
				DE8E5E48215348EF002AE872 /* ComicService.m in Sources */,
				DE8E5E44215348EF002AE872 /* ComicRepository.m in Sources */,
				DEF15EBB21DDCBD400FDE038 /* AbstractData.m in Sources */,
			);
			runOnlyForDeploymentPostprocessing = 0;
		};
		DEDE45EB21533F86004E8DEF /* Sources */ = {
			isa = PBXSourcesBuildPhase;
			buildActionMask = 2147483647;
			files = (
				DEDE465921534005004E8DEF /* FLOPopoverUtils.m in Sources */,
				DE8E5E8A2153B7AF002AE872 /* FLOExtensionsCABasicAnimation.m in Sources */,
				DE8E5E922153B8C1002AE872 /* FLOExtensionsNSValue.m in Sources */,
				DEDE465821534005004E8DEF /* FLOPopoverBackgroundView.m in Sources */,
				DEDE467021534005004E8DEF /* FLOPopover.m in Sources */,
				DEDE465721534005004E8DEF /* FLOWindowPopup.m in Sources */,
				DE8E5E962153BAAC002AE872 /* FLOExtensionsGraphicsContext.m in Sources */,
				DE8E5E822153B62B002AE872 /* FLOExtensionsNSWindow.m in Sources */,
				DE8E5E8E2153B878002AE872 /* FLOExtensionsCAKeyframeAnimation.m in Sources */,
				DEDE466C21534005004E8DEF /* FLOViewPopup.m in Sources */,
				DE8E5E862153B69E002AE872 /* FLOExtensionsNSView.m in Sources */,
			);
			runOnlyForDeploymentPostprocessing = 0;
		};
/* End PBXSourcesBuildPhase section */

/* Begin XCBuildConfiguration section */
		DE8E5C8421534822002AE872 /* Debug */ = {
			isa = XCBuildConfiguration;
			buildSettings = {
				ASSETCATALOG_COMPILER_APPICON_NAME = AppIcon;
				CODE_SIGN_ENTITLEMENTS = "FlowarePopover-Sample/Supporting-Files/FlowarePopover_Sample.entitlements";
				CODE_SIGN_STYLE = Automatic;
				COMBINE_HIDPI_IMAGES = YES;
				GCC_PREFIX_HEADER = "$(SRCROOT)/FlowarePopover-Sample/Supporting-Files/PrefixHeader.pch";
				HEADER_SEARCH_PATHS = "$(SRCROOT)/FlowarePopover/Classes";
				INFOPLIST_FILE = "$(SRCROOT)/FlowarePopover-Sample/Supporting-Files/Info.plist";
				LD_RUNPATH_SEARCH_PATHS = (
					"$(inherited)",
					"@executable_path/../Frameworks",
				);
				MACOSX_DEPLOYMENT_TARGET = 10.13;
				PRODUCT_BUNDLE_IDENTIFIER = "com.floware.FlowarePopover-Sample";
				PRODUCT_NAME = "$(TARGET_NAME)";
				USER_HEADER_SEARCH_PATHS = "$(SRCROOT)/FlowarePopover/Classes";
			};
			name = Debug;
		};
		DE8E5C8521534822002AE872 /* Release */ = {
			isa = XCBuildConfiguration;
			buildSettings = {
				ASSETCATALOG_COMPILER_APPICON_NAME = AppIcon;
				CODE_SIGN_ENTITLEMENTS = "FlowarePopover-Sample/Supporting-Files/FlowarePopover_Sample.entitlements";
				CODE_SIGN_STYLE = Automatic;
				COMBINE_HIDPI_IMAGES = YES;
				GCC_PREFIX_HEADER = "$(SRCROOT)/FlowarePopover-Sample/Supporting-Files/PrefixHeader.pch";
				HEADER_SEARCH_PATHS = "$(SRCROOT)/FlowarePopover/Classes";
				INFOPLIST_FILE = "$(SRCROOT)/FlowarePopover-Sample/Supporting-Files/Info.plist";
				LD_RUNPATH_SEARCH_PATHS = (
					"$(inherited)",
					"@executable_path/../Frameworks",
				);
				MACOSX_DEPLOYMENT_TARGET = 10.13;
				PRODUCT_BUNDLE_IDENTIFIER = "com.floware.FlowarePopover-Sample";
				PRODUCT_NAME = "$(TARGET_NAME)";
				USER_HEADER_SEARCH_PATHS = "$(SRCROOT)/FlowarePopover/Classes";
			};
			name = Release;
		};
		DEDE45F621533F86004E8DEF /* Debug */ = {
			isa = XCBuildConfiguration;
			buildSettings = {
				ALWAYS_SEARCH_USER_PATHS = NO;
				CLANG_ANALYZER_NONNULL = YES;
				CLANG_ANALYZER_NUMBER_OBJECT_CONVERSION = YES_AGGRESSIVE;
				CLANG_CXX_LANGUAGE_STANDARD = "gnu++14";
				CLANG_CXX_LIBRARY = "libc++";
				CLANG_ENABLE_MODULES = YES;
				CLANG_ENABLE_OBJC_ARC = YES;
				CLANG_ENABLE_OBJC_WEAK = YES;
				CLANG_WARN_BLOCK_CAPTURE_AUTORELEASING = YES;
				CLANG_WARN_BOOL_CONVERSION = YES;
				CLANG_WARN_COMMA = YES;
				CLANG_WARN_CONSTANT_CONVERSION = YES;
				CLANG_WARN_DEPRECATED_OBJC_IMPLEMENTATIONS = YES;
				CLANG_WARN_DIRECT_OBJC_ISA_USAGE = YES_ERROR;
				CLANG_WARN_DOCUMENTATION_COMMENTS = YES;
				CLANG_WARN_EMPTY_BODY = YES;
				CLANG_WARN_ENUM_CONVERSION = YES;
				CLANG_WARN_INFINITE_RECURSION = YES;
				CLANG_WARN_INT_CONVERSION = YES;
				CLANG_WARN_NON_LITERAL_NULL_CONVERSION = YES;
				CLANG_WARN_OBJC_IMPLICIT_RETAIN_SELF = YES;
				CLANG_WARN_OBJC_LITERAL_CONVERSION = YES;
				CLANG_WARN_OBJC_ROOT_CLASS = YES_ERROR;
				CLANG_WARN_RANGE_LOOP_ANALYSIS = YES;
				CLANG_WARN_STRICT_PROTOTYPES = YES;
				CLANG_WARN_SUSPICIOUS_MOVE = YES;
				CLANG_WARN_UNGUARDED_AVAILABILITY = YES_AGGRESSIVE;
				CLANG_WARN_UNREACHABLE_CODE = YES;
				CLANG_WARN__DUPLICATE_METHOD_MATCH = YES;
				CODE_SIGN_IDENTITY = "-";
				COPY_PHASE_STRIP = NO;
				CURRENT_PROJECT_VERSION = 1;
				DEBUG_INFORMATION_FORMAT = dwarf;
				ENABLE_STRICT_OBJC_MSGSEND = YES;
				ENABLE_TESTABILITY = YES;
				GCC_C_LANGUAGE_STANDARD = gnu11;
				GCC_DYNAMIC_NO_PIC = NO;
				GCC_NO_COMMON_BLOCKS = YES;
				GCC_OPTIMIZATION_LEVEL = 0;
				GCC_PREPROCESSOR_DEFINITIONS = (
					"DEBUG=1",
					"$(inherited)",
				);
				GCC_WARN_64_TO_32_BIT_CONVERSION = YES;
				GCC_WARN_ABOUT_RETURN_TYPE = YES_ERROR;
				GCC_WARN_UNDECLARED_SELECTOR = YES;
				GCC_WARN_UNINITIALIZED_AUTOS = YES_AGGRESSIVE;
				GCC_WARN_UNUSED_FUNCTION = YES;
				GCC_WARN_UNUSED_VARIABLE = YES;
				MACOSX_DEPLOYMENT_TARGET = 10.13;
				MTL_ENABLE_DEBUG_INFO = YES;
				ONLY_ACTIVE_ARCH = YES;
				SDKROOT = macosx;
				VERSIONING_SYSTEM = "apple-generic";
				VERSION_INFO_PREFIX = "";
			};
			name = Debug;
		};
		DEDE45F721533F86004E8DEF /* Release */ = {
			isa = XCBuildConfiguration;
			buildSettings = {
				ALWAYS_SEARCH_USER_PATHS = NO;
				CLANG_ANALYZER_NONNULL = YES;
				CLANG_ANALYZER_NUMBER_OBJECT_CONVERSION = YES_AGGRESSIVE;
				CLANG_CXX_LANGUAGE_STANDARD = "gnu++14";
				CLANG_CXX_LIBRARY = "libc++";
				CLANG_ENABLE_MODULES = YES;
				CLANG_ENABLE_OBJC_ARC = YES;
				CLANG_ENABLE_OBJC_WEAK = YES;
				CLANG_WARN_BLOCK_CAPTURE_AUTORELEASING = YES;
				CLANG_WARN_BOOL_CONVERSION = YES;
				CLANG_WARN_COMMA = YES;
				CLANG_WARN_CONSTANT_CONVERSION = YES;
				CLANG_WARN_DEPRECATED_OBJC_IMPLEMENTATIONS = YES;
				CLANG_WARN_DIRECT_OBJC_ISA_USAGE = YES_ERROR;
				CLANG_WARN_DOCUMENTATION_COMMENTS = YES;
				CLANG_WARN_EMPTY_BODY = YES;
				CLANG_WARN_ENUM_CONVERSION = YES;
				CLANG_WARN_INFINITE_RECURSION = YES;
				CLANG_WARN_INT_CONVERSION = YES;
				CLANG_WARN_NON_LITERAL_NULL_CONVERSION = YES;
				CLANG_WARN_OBJC_IMPLICIT_RETAIN_SELF = YES;
				CLANG_WARN_OBJC_LITERAL_CONVERSION = YES;
				CLANG_WARN_OBJC_ROOT_CLASS = YES_ERROR;
				CLANG_WARN_RANGE_LOOP_ANALYSIS = YES;
				CLANG_WARN_STRICT_PROTOTYPES = YES;
				CLANG_WARN_SUSPICIOUS_MOVE = YES;
				CLANG_WARN_UNGUARDED_AVAILABILITY = YES_AGGRESSIVE;
				CLANG_WARN_UNREACHABLE_CODE = YES;
				CLANG_WARN__DUPLICATE_METHOD_MATCH = YES;
				CODE_SIGN_IDENTITY = "-";
				COPY_PHASE_STRIP = NO;
				CURRENT_PROJECT_VERSION = 1;
				DEBUG_INFORMATION_FORMAT = "dwarf-with-dsym";
				ENABLE_NS_ASSERTIONS = NO;
				ENABLE_STRICT_OBJC_MSGSEND = YES;
				GCC_C_LANGUAGE_STANDARD = gnu11;
				GCC_NO_COMMON_BLOCKS = YES;
				GCC_WARN_64_TO_32_BIT_CONVERSION = YES;
				GCC_WARN_ABOUT_RETURN_TYPE = YES_ERROR;
				GCC_WARN_UNDECLARED_SELECTOR = YES;
				GCC_WARN_UNINITIALIZED_AUTOS = YES_AGGRESSIVE;
				GCC_WARN_UNUSED_FUNCTION = YES;
				GCC_WARN_UNUSED_VARIABLE = YES;
				MACOSX_DEPLOYMENT_TARGET = 10.13;
				MTL_ENABLE_DEBUG_INFO = NO;
				SDKROOT = macosx;
				VERSIONING_SYSTEM = "apple-generic";
				VERSION_INFO_PREFIX = "";
			};
			name = Release;
		};
		DEDE45F921533F86004E8DEF /* Debug */ = {
			isa = XCBuildConfiguration;
			buildSettings = {
				CODE_SIGN_IDENTITY = "";
				CODE_SIGN_STYLE = Automatic;
				COMBINE_HIDPI_IMAGES = YES;
				DEFINES_MODULE = YES;
				DYLIB_COMPATIBILITY_VERSION = 1;
				DYLIB_CURRENT_VERSION = 1;
				DYLIB_INSTALL_NAME_BASE = "@rpath";
				FRAMEWORK_VERSION = A;
				INFOPLIST_FILE = FlowarePopover/Info.plist;
				INSTALL_PATH = "$(LOCAL_LIBRARY_DIR)/Frameworks";
				LD_RUNPATH_SEARCH_PATHS = (
					"$(inherited)",
					"@executable_path/../Frameworks",
					"@loader_path/Frameworks",
				);
				MACOSX_DEPLOYMENT_TARGET = 10.11;
				PRODUCT_BUNDLE_IDENTIFIER = com.floware.FlowarePopover;
				PRODUCT_NAME = "$(TARGET_NAME:c99extidentifier)";
				SKIP_INSTALL = YES;
			};
			name = Debug;
		};
		DEDE45FA21533F86004E8DEF /* Release */ = {
			isa = XCBuildConfiguration;
			buildSettings = {
				CODE_SIGN_IDENTITY = "";
				CODE_SIGN_STYLE = Automatic;
				COMBINE_HIDPI_IMAGES = YES;
				DEFINES_MODULE = YES;
				DYLIB_COMPATIBILITY_VERSION = 1;
				DYLIB_CURRENT_VERSION = 1;
				DYLIB_INSTALL_NAME_BASE = "@rpath";
				FRAMEWORK_VERSION = A;
				INFOPLIST_FILE = FlowarePopover/Info.plist;
				INSTALL_PATH = "$(LOCAL_LIBRARY_DIR)/Frameworks";
				LD_RUNPATH_SEARCH_PATHS = (
					"$(inherited)",
					"@executable_path/../Frameworks",
					"@loader_path/Frameworks",
				);
				MACOSX_DEPLOYMENT_TARGET = 10.11;
				PRODUCT_BUNDLE_IDENTIFIER = com.floware.FlowarePopover;
				PRODUCT_NAME = "$(TARGET_NAME:c99extidentifier)";
				SKIP_INSTALL = YES;
			};
			name = Release;
		};
/* End XCBuildConfiguration section */

/* Begin XCConfigurationList section */
		DE8E5C8621534822002AE872 /* Build configuration list for PBXNativeTarget "FlowarePopover-Sample" */ = {
			isa = XCConfigurationList;
			buildConfigurations = (
				DE8E5C8421534822002AE872 /* Debug */,
				DE8E5C8521534822002AE872 /* Release */,
			);
			defaultConfigurationIsVisible = 0;
			defaultConfigurationName = Release;
		};
		DEDE45EA21533F86004E8DEF /* Build configuration list for PBXProject "FlowarePopover" */ = {
			isa = XCConfigurationList;
			buildConfigurations = (
				DEDE45F621533F86004E8DEF /* Debug */,
				DEDE45F721533F86004E8DEF /* Release */,
			);
			defaultConfigurationIsVisible = 0;
			defaultConfigurationName = Release;
		};
		DEDE45F821533F86004E8DEF /* Build configuration list for PBXNativeTarget "FlowarePopover" */ = {
			isa = XCConfigurationList;
			buildConfigurations = (
				DEDE45F921533F86004E8DEF /* Debug */,
				DEDE45FA21533F86004E8DEF /* Release */,
			);
			defaultConfigurationIsVisible = 0;
			defaultConfigurationName = Release;
		};
/* End XCConfigurationList section */
	};
	rootObject = DEDE45E721533F86004E8DEF /* Project object */;
}
